
Microsoft Visual Studio Solution File, Format Version 12.00
# Visual Studio Version 17
VisualStudioVersion = 17.0.31912.275
MinimumVisualStudioVersion = 10.0.40219.1
Project("{2150E333-8FDC-42A3-9474-1A3956D46DE8}") = "Komment", "Komment", "{7979CEB4-7B10-4611-A663-44842F17AC0B}"
EndProject
Project("{9A19103F-16F7-4668-BE54-9A1E7A4F7556}") = "Comment.Application", "Comment.Application\Comment.Application.csproj", "{065C0AA4-0ABD-4104-BB00-8E7BA43D76D0}"
EndProject
Project("{2150E333-8FDC-42A3-9474-1A3956D46DE8}") = "Core", "Core", "{C992E2E0-2C5F-47FF-9327-FBEFC00F319F}"
EndProject
Project("{9A19103F-16F7-4668-BE54-9A1E7A4F7556}") = "Core.Extensions", "Core.Common\Core.Extensions.csproj", "{ECA65C83-CBA0-4432-ACC9-FE0EC9063597}"
EndProject
Project("{9A19103F-16F7-4668-BE54-9A1E7A4F7556}") = "Comment.Tools", "Comment.Tools\Comment.Tools.csproj", "{5078500E-83A6-4395-9537-CFACB5455E39}"
EndProject
Project("{9A19103F-16F7-4668-BE54-9A1E7A4F7556}") = "Core.Infrastructure", "Core.Infrastructure\Core.Infrastructure.csproj", "{E2E215CF-4B9A-4912-9144-9F79E3B596E1}"
EndProject
Project("{9A19103F-16F7-4668-BE54-9A1E7A4F7556}") = "Core.Interfaces", "Core.Interfaces\Core.Interfaces.csproj", "{4E500BDD-CB90-4F04-A64B-6E30D9E1E9EC}"
EndProject
Project("{2150E333-8FDC-42A3-9474-1A3956D46DE8}") = "Modules", "Modules", "{20B2E10D-8639-43DE-AF2E-E3CA8F9F306D}"
EndProject
Project("{2150E333-8FDC-42A3-9474-1A3956D46DE8}") = "Hosts", "Hosts", "{572B524E-297B-44BA-803C-6257D0FDFDB0}"
EndProject
Project("{9A19103F-16F7-4668-BE54-9A1E7A4F7556}") = "AccountingWebHost", "AccountingWebHost\AccountingWebHost.csproj", "{4B52DD27-4D33-403A-B09E-FF6028FF8A9C}"
EndProject
Project("{2150E333-8FDC-42A3-9474-1A3956D46DE8}") = "Payments", "Payments", "{68481879-1ADE-4BFB-ADE8-37A260A1B74E}"
EndProject
Project("{2150E333-8FDC-42A3-9474-1A3956D46DE8}") = "Sales", "Sales", "{6E3347DA-3C3F-40A4-B261-958F4CC9122C}"
EndProject
Project("{2150E333-8FDC-42A3-9474-1A3956D46DE8}") = "Comments", "Comments", "{64EA24D5-4560-45D1-AD71-E9A08B3BEC12}"
EndProject
Project("{9A19103F-16F7-4668-BE54-9A1E7A4F7556}") = "Module.Comment", "Modules\Module.Comment\Module.Comment.csproj", "{C16C2069-3E9D-4844-BECF-2C568936089E}"
EndProject
Project("{2150E333-8FDC-42A3-9474-1A3956D46DE8}") = "Data", "Data", "{F08DF705-12E9-4E0F-84CE-CFE3A12AFEE7}"
EndProject
Project("{2150E333-8FDC-42A3-9474-1A3956D46DE8}") = "Accounts", "Accounts", "{E08CE9AD-5355-45C4-95F2-11346FBA7809}"
EndProject
Project("{2150E333-8FDC-42A3-9474-1A3956D46DE8}") = "Systems", "Systems", "{5B453AC2-C5A1-4BD8-8BBA-D60E10C80D26}"
EndProject
Project("{2150E333-8FDC-42A3-9474-1A3956D46DE8}") = "Msi", "Msi", "{B2384412-108B-4755-95E7-D93B454620D5}"
EndProject
Project("{2150E333-8FDC-42A3-9474-1A3956D46DE8}") = "EntityFrameworkCore", "EntityFrameworkCore", "{E578C668-CB8D-428A-AF62-E0B7160BBEE7}"
EndProject
Project("{2150E333-8FDC-42A3-9474-1A3956D46DE8}") = "IdentityServer", "IdentityServer", "{92967F3B-ECF0-41EE-A841-CEEF89031363}"
EndProject
Project("{2150E333-8FDC-42A3-9474-1A3956D46DE8}") = "FileStorage", "FileStorage", "{D3F7F105-C663-42FA-97DA-3A710186DFA2}"
EndProject
Project("{2150E333-8FDC-42A3-9474-1A3956D46DE8}") = "Converter", "Converter", "{8E1D8A19-43ED-47B5-BC34-A86272B41ACC}"
EndProject
Project("{2150E333-8FDC-42A3-9474-1A3956D46DE8}") = "PdfConverter", "PdfConverter", "{F9217238-0E8E-463B-B0EF-0260DB789AF4}"
EndProject
Project("{9A19103F-16F7-4668-BE54-9A1E7A4F7556}") = "Msi.UtilityKit", "Msi.UtilityKit\Msi.UtilityKit.csproj", "{0E879DF5-A2A4-4CB5-A32D-599180C95EC5}"
EndProject
Project("{9A19103F-16F7-4668-BE54-9A1E7A4F7556}") = "Core.Infrastructure.Entities", "Core\Core.Infrastructure.Entities\Core.Infrastructure.Entities.csproj", "{851E88F2-CE6E-49B3-9409-29B96BDD59BC}"
EndProject
Project("{9A19103F-16F7-4668-BE54-9A1E7A4F7556}") = "Core.Infrastructure.Permissions", "Core\Core.Infrastructure.Permissions\Core.Infrastructure.Permissions.csproj", "{A819A703-FB46-437A-9B69-8BCCF3F045D0}"
EndProject
Project("{2150E333-8FDC-42A3-9474-1A3956D46DE8}") = "Permissions", "Permissions", "{15F8F4BA-8F15-4494-A766-D9FD42B28413}"
EndProject
Project("{2150E333-8FDC-42A3-9474-1A3956D46DE8}") = "Organizations", "Organizations", "{8816D5D2-5921-4F82-8C68-DFA3EF1E3AFD}"
EndProject
Project("{2150E333-8FDC-42A3-9474-1A3956D46DE8}") = "Library", "Library", "{6EAAC5DE-E5B9-49F1-B9E2-66094063D358}"
EndProject
Project("{2150E333-8FDC-42A3-9474-1A3956D46DE8}") = "Events", "Events", "{E7C6BACD-9AF0-4499-82FA-8B2A8214B610}"
EndProject
Project("{9A19103F-16F7-4668-BE54-9A1E7A4F7556}") = "Module.Events.Entities", "Modules\Module.Events.Entities\Module.Events.Entities.csproj", "{369BF431-DF4D-47B0-BADB-2C074E410DA4}"
EndProject
Project("{9A19103F-16F7-4668-BE54-9A1E7A4F7556}") = "Msi.Data.EntityFrameworkCore", "Msi\Data\Msi.Data.EntityFrameworkCore\Msi.Data.EntityFrameworkCore.csproj", "{3B0A545F-AB0D-4E7E-A616-5411D060DF7C}"
EndProject
Project("{9A19103F-16F7-4668-BE54-9A1E7A4F7556}") = "Msi.Data.EntityFrameworkCore.SqlServer", "Msi\Data\Msi.Data.EntityFrameworkCore.SqlServer\Msi.Data.EntityFrameworkCore.SqlServer.csproj", "{433560D7-421F-48EB-8CBA-6F06A3692845}"
EndProject
Project("{9A19103F-16F7-4668-BE54-9A1E7A4F7556}") = "Msi.Data.EntityFrameworkCore.Mysql", "Msi\Data\Msi.Data.EntityFrameworkCore.Mysql\Msi.Data.EntityFrameworkCore.Mysql.csproj", "{F350ADF9-6C28-4C9D-A624-D6DA901AF92B}"
EndProject
Project("{9A19103F-16F7-4668-BE54-9A1E7A4F7556}") = "Msi.Date.EntityFrameworkCore.Sqlite", "Msi\Data\Msi.Data.EntityFrameworkCore.Sqlite\Msi.Date.EntityFrameworkCore.Sqlite.csproj", "{8EE9F988-9BA6-4CCE-B3E9-4B35D6E28444}"
EndProject
Project("{9A19103F-16F7-4668-BE54-9A1E7A4F7556}") = "Msi.Core", "Msi\Msi.Core\Msi.Core.csproj", "{A7FD25AA-92EC-4104-A875-277CCBE69D9C}"
EndProject
Project("{9A19103F-16F7-4668-BE54-9A1E7A4F7556}") = "Msi.Data.Abstractions", "Msi\Data\Msi.Data.Abstractions\Msi.Data.Abstractions.csproj", "{61538D0A-2E39-47C2-921A-C031362DB24D}"
EndProject
Project("{9A19103F-16F7-4668-BE54-9A1E7A4F7556}") = "Msi.Data.Entity", "Msi\Data\Msi.Data.Entity\Msi.Data.Entity.csproj", "{E476D2D9-6624-475D-BC8D-02522AFF7191}"
EndProject
Project("{2150E333-8FDC-42A3-9474-1A3956D46DE8}") = "Mediator", "Mediator", "{31EF8884-9F22-4115-96B7-B569EFCB6E33}"
EndProject
Project("{9A19103F-16F7-4668-BE54-9A1E7A4F7556}") = "Msi.Data.Extensions.Microsoft.DependencyInjection", "Msi\Data\Msi.Data.Extensions.Microsoft.DependencyInjection\Msi.Data.Extensions.Microsoft.DependencyInjection.csproj", "{D316418A-F527-4ABC-95C9-FD4D51FB6FD2}"
EndProject
Project("{2150E333-8FDC-42A3-9474-1A3956D46DE8}") = "Web", "Web", "{8AAEC840-1460-4CAE-95A9-D0F14B32D4EA}"
EndProject
Project("{9A19103F-16F7-4668-BE54-9A1E7A4F7556}") = "Msi.FileStorage.Abstractions", "Msi\FileStorage\Msi.FileStorage.Abstractions\Msi.FileStorage.Abstractions.csproj", "{4D8322B2-62BD-4B34-85D0-8B56F6979689}"
EndProject
Project("{9A19103F-16F7-4668-BE54-9A1E7A4F7556}") = "Msi.FileStorage.Dropbox", "Msi\FileStorage\Msi.FileStorage.Dropbox\Msi.FileStorage.Dropbox.csproj", "{FCF0150D-1F28-4C7C-A623-9C6B6BE96FF7}"
EndProject
Project("{9A19103F-16F7-4668-BE54-9A1E7A4F7556}") = "Msi.FileStorage.FileSystem", "Msi\FileStorage\Msi.FileStorage.FileSystem\Msi.FileStorage.FileSystem.csproj", "{AB8F384A-EFC8-4C76-B19C-AFE6B0CBE4D0}"
EndProject
Project("{9A19103F-16F7-4668-BE54-9A1E7A4F7556}") = "Msi.Mediator.Abstractions", "Msi\Mediator\Msi.Mediator.Abstractions\Msi.Mediator.Abstractions.csproj", "{D94DE4FC-211B-45BB-8E2F-D2EE4131FDF3}"
EndProject
Project("{9A19103F-16F7-4668-BE54-9A1E7A4F7556}") = "Msi.Mediator.Extensions.Microsoft.DependencyInjection", "Msi\Mediator\Msi.Mediator.Extensions.Microsoft.DependencyInjection\Msi.Mediator.Extensions.Microsoft.DependencyInjection.csproj", "{E702037C-0E2A-4E61-B2B1-07CEB0EB5A3D}"
EndProject
Project("{9A19103F-16F7-4668-BE54-9A1E7A4F7556}") = "Msi.Web", "Msi\Web\Msi.Web\Msi.Web.csproj", "{57886C59-A453-415D-83FF-EA3D63A46CC5}"
EndProject
Project("{2150E333-8FDC-42A3-9474-1A3956D46DE8}") = "Service", "Service", "{B7C84D29-AA6A-4000-A7B7-B2B7258B0210}"
EndProject
Project("{9A19103F-16F7-4668-BE54-9A1E7A4F7556}") = "Msi.Service.Abstractions", "Msi\Service\Msi.Service.Abstractions\Msi.Service.Abstractions.csproj", "{3BD22093-F67E-41E1-874C-E0A87CAEFC86}"
EndProject
Project("{9A19103F-16F7-4668-BE54-9A1E7A4F7556}") = "Msi.Service.Extensions.Microsoft.DependencyInjection", "Msi\Service\Msi.Service.Extensions.Microsoft.DependencyInjection\Msi.Service.Extensions.Microsoft.DependencyInjection.csproj", "{8B7B60CD-9C61-45A0-8DED-5B45AFAD9DC4}"
EndProject
Project("{2150E333-8FDC-42A3-9474-1A3956D46DE8}") = "Email", "Email", "{FD02F362-2B52-4D2A-B304-01C63A7C3C72}"
EndProject
Project("{9A19103F-16F7-4668-BE54-9A1E7A4F7556}") = "Msi.Email.Abstractions", "Msi\Email\Msi.Email.Abstractions\Msi.Email.Abstractions.csproj", "{06D8BC47-E7E6-48C9-A26B-A73890A20DF5}"
EndProject
Project("{9A19103F-16F7-4668-BE54-9A1E7A4F7556}") = "Msi.Email.Smtp", "Msi\Email\Msi.Email.Smtp\Msi.Email.Smtp\Msi.Email.Smtp.csproj", "{FC00A57A-73BB-4EE4-8ADE-29E73754EFFE}"
EndProject
Project("{9A19103F-16F7-4668-BE54-9A1E7A4F7556}") = "Module.Accounts", "Modules\Users\Module.Users\Module.Accounts.csproj", "{01D90B28-037A-49AD-808F-94AAE9512571}"
EndProject
Project("{9A19103F-16F7-4668-BE54-9A1E7A4F7556}") = "Module.Accounts.Domain", "Modules\Users\Module.Users.Domain\Module.Accounts.Domain.csproj", "{BE0EE42D-1E99-458F-87E2-AFCBF041A30E}"
EndProject
Project("{9A19103F-16F7-4668-BE54-9A1E7A4F7556}") = "Module.Accounts.Entities", "Modules\Users\Module.Users.Entities\Module.Accounts.Entities.csproj", "{DB3AF8F3-5B0C-4E9C-B0C2-20CA74019204}"
EndProject
Project("{9A19103F-16F7-4668-BE54-9A1E7A4F7556}") = "Module.Permissions", "Modules\Permissions\Module.Permissions\Module.Permissions.csproj", "{B953A3D1-D3D1-4BC1-B782-D0586DE41A95}"
EndProject
Project("{9A19103F-16F7-4668-BE54-9A1E7A4F7556}") = "Module.Permissions.Domain", "Modules\Permissions\Module.Permissions.Domain\Module.Permissions.Domain.csproj", "{896E3F29-39AE-41A8-AB96-4309B7FFA0BE}"
EndProject
Project("{9A19103F-16F7-4668-BE54-9A1E7A4F7556}") = "Module.Permissions.Entities", "Modules\Permissions\Module.Permissions.Entities\Module.Permissions.Entities.csproj", "{B590E6A2-8540-4E08-98D6-4494B19C2C19}"
EndProject
Project("{9A19103F-16F7-4668-BE54-9A1E7A4F7556}") = "Module.Permissions.Shared", "Modules\Permissions\Module.Permissions.Shared\Module.Permissions.Shared.csproj", "{176DA920-D19E-4687-B9C2-651C32669C13}"
EndProject
Project("{9A19103F-16F7-4668-BE54-9A1E7A4F7556}") = "Module.Organizations", "Modules\Organizations\Module.Organizations\Module.Organizations.csproj", "{4E3158BF-CC6A-47A0-BD62-EEDBA28EFA67}"
EndProject
Project("{9A19103F-16F7-4668-BE54-9A1E7A4F7556}") = "Module.Organizations.Domain", "Modules\Organizations\Module.Organizations.Domain\Module.Organizations.Domain.csproj", "{79422C41-310F-4BA8-9A2E-EB7F623B1A42}"
EndProject
Project("{9A19103F-16F7-4668-BE54-9A1E7A4F7556}") = "Module.Organizations.Entities", "Modules\Organizations\Module.Organizations.Entities\Module.Organizations.Entities.csproj", "{A6C82632-BE4D-4FD5-A0A6-D6F53F28130F}"
EndProject
Project("{2150E333-8FDC-42A3-9474-1A3956D46DE8}") = "Domain", "Domain", "{4986A3AA-D3C7-4F4B-B271-5993B2CD0003}"
EndProject
Project("{9A19103F-16F7-4668-BE54-9A1E7A4F7556}") = "Msi.Domain.Abstractions", "Msi\Domain\Msi.Domain.Abstractions\Msi.Domain.Abstractions.csproj", "{EBE08B58-0283-4CBF-B2A3-7ABFEBFDC292}"
EndProject
Project("{2150E333-8FDC-42A3-9474-1A3956D46DE8}") = "Utilities", "Utilities", "{188A2380-6500-40AA-A5A2-C637686E519E}"
EndProject
Project("{9A19103F-16F7-4668-BE54-9A1E7A4F7556}") = "Msi.Utilities.Filter", "Msi\Utilities\Msi.Utilities.Filter\Msi.Utilities.Filter.csproj", "{9CCFC15A-634C-4231-BED6-D0BD1F0D78E3}"
EndProject
Project("{9A19103F-16F7-4668-BE54-9A1E7A4F7556}") = "Msi.Utilities.Expression", "Msi\Utilities\Msi.Utilities.Expression\Msi.Utilities.Expression.csproj", "{7F1DA15F-82D2-4D00-8F99-22535B0DD283}"
EndProject
Project("{2150E333-8FDC-42A3-9474-1A3956D46DE8}") = "Tokens", "Tokens", "{7B894FCB-CB45-40C0-AAA4-5489185176C3}"
EndProject
Project("{9A19103F-16F7-4668-BE54-9A1E7A4F7556}") = "Module.Tokens", "Modules\Tokens\Module.Tokens\Module.Tokens.csproj", "{806F6287-F466-46F5-BFC0-487EF5744518}"
EndProject
Project("{9A19103F-16F7-4668-BE54-9A1E7A4F7556}") = "Module.Tokens.Domain", "Modules\Tokens\Module.Tokens.Domain\Module.Tokens.Domain.csproj", "{D9DD0A87-008A-44BC-9A0F-88A25F8681A0}"
EndProject
Project("{9A19103F-16F7-4668-BE54-9A1E7A4F7556}") = "Module.Tokens.Entities", "Modules\Tokens\Module.Tokens.Entities\Module.Tokens.Entities.csproj", "{22C1AEBB-762F-4F78-9513-A2A9FD435BC4}"
EndProject
Project("{9A19103F-16F7-4668-BE54-9A1E7A4F7556}") = "Module.Sales.Entities", "Modules\Sales\Module.Sales.Entities\Module.Sales.Entities.csproj", "{C982A2CB-F988-44FE-BFE3-A23E026495FD}"
EndProject
Project("{9A19103F-16F7-4668-BE54-9A1E7A4F7556}") = "Modules.Sales.Domain", "Modules\Sales\Module.Sales.Domain\Modules.Sales.Domain.csproj", "{14D05B35-5113-4FA2-9A54-7E0BF650A876}"
EndProject
Project("{9A19103F-16F7-4668-BE54-9A1E7A4F7556}") = "Module.Sales", "Modules\Sales\Module.Sales\Module.Sales.csproj", "{88612DF0-DA39-4E51-A9E2-1870E276C927}"
EndProject
Project("{9A19103F-16F7-4668-BE54-9A1E7A4F7556}") = "Module.Systems", "Modules\Systems\Module.Systems\Module.Systems.csproj", "{36377054-5166-4B83-A097-4F68A59A95C3}"
EndProject
Project("{9A19103F-16F7-4668-BE54-9A1E7A4F7556}") = "Module.Systems.Domain", "Modules\Systems\Module.Systems.Domain\Module.Systems.Domain.csproj", "{EA90A764-E0FB-4A0A-8154-E30B7508F91C}"
EndProject
Project("{9A19103F-16F7-4668-BE54-9A1E7A4F7556}") = "Module.Systems.Entities", "Modules\Systems\Module.Systems.Entities\Module.Systems.Entities.csproj", "{FE0FB3A8-A3AD-433A-955D-F5C4EFD530D2}"
EndProject
Project("{9A19103F-16F7-4668-BE54-9A1E7A4F7556}") = "Module.Payments", "Modules\Payments\Module.Payments\Module.Payments.csproj", "{29306EF7-AC22-4B11-8D08-48584A54146B}"
EndProject
Project("{9A19103F-16F7-4668-BE54-9A1E7A4F7556}") = "Module.Payments.Domain", "Modules\Payments\Module.Payments.Domain\Module.Payments.Domain.csproj", "{0CF9E341-203D-4C0F-87B9-5D4D56BA2BE4}"
EndProject
Project("{9A19103F-16F7-4668-BE54-9A1E7A4F7556}") = "Module.Payments.Entities", "Modules\Payments\Module.Payments.Entities\Module.Payments.Entities.csproj", "{59D6689B-79F7-472C-A784-9C120145A8B0}"
EndProject
Project("{2150E333-8FDC-42A3-9474-1A3956D46DE8}") = "View", "View", "{A3B22BC9-A281-4981-8AE9-F8CC128C5C75}"
EndProject
Project("{9A19103F-16F7-4668-BE54-9A1E7A4F7556}") = "Msi.View.Abstraction", "Msi\View\Msi.View.Abstraction\Msi.View.Abstraction.csproj", "{7EBFB8F8-3BFF-4B56-93CA-F4C9260294AD}"
EndProject
Project("{9A19103F-16F7-4668-BE54-9A1E7A4F7556}") = "Msi.View.Razor", "Msi\View\Msi.View.Razor\Msi.View.Razor.csproj", "{2378F503-D7DA-465C-83EB-4FFB46481E05}"
EndProject
Project("{9A19103F-16F7-4668-BE54-9A1E7A4F7556}") = "Msi.Service.App", "Msi\Service\Msi.Service.App\Msi.Service.App.csproj", "{EFDDFA17-90A1-4A9B-AB06-4F4E44A143FE}"
EndProject
Project("{2150E333-8FDC-42A3-9474-1A3956D46DE8}") = "Integration", "Integration", "{22D1DFBD-13FA-4FF3-8DF2-10C1862F38F7}"
EndProject
Project("{9A19103F-16F7-4668-BE54-9A1E7A4F7556}") = "Msi.Integration.Abstractions", "Msi.Integration.Abstractions\Msi.Integration.Abstractions.csproj", "{0598A32A-086D-4362-B738-517927F379D1}"
EndProject
Project("{2150E333-8FDC-42A3-9474-1A3956D46DE8}") = "Integrations", "Integrations", "{6619D141-D34A-4103-BA62-0F6AA7C617BA}"
EndProject
Project("{2150E333-8FDC-42A3-9474-1A3956D46DE8}") = "Integrations", "Integrations", "{845C6C12-7F99-4BB8-AE6B-08DEAC8DD084}"
EndProject
Project("{9A19103F-16F7-4668-BE54-9A1E7A4F7556}") = "Module.Integrations", "Modules\Integrations\Integrations\Module.Integrations\Module.Integrations.csproj", "{7A43D5E5-F07F-4DAF-9F7B-952FE57BE146}"
EndProject
Project("{9A19103F-16F7-4668-BE54-9A1E7A4F7556}") = "Module.Integrations.Entities", "Modules\Integrations\Integrations\Module.Integrations.Entities\Module.Integrations.Entities.csproj", "{4CB5D80F-69FF-42E2-AD71-226D77CC64D4}"
EndProject
Project("{9A19103F-16F7-4668-BE54-9A1E7A4F7556}") = "Module.Integrations.Domain", "Modules\Integrations\Integrations\Module.Integrations.Domain\Module.Integrations.Domain.csproj", "{20F06265-6E26-4DD7-A599-F47EDC18AA3E}"
EndProject
Project("{9A19103F-16F7-4668-BE54-9A1E7A4F7556}") = "Module.Seeds", "Modules\Seeds\Module.Seeds.csproj", "{A8885C4C-D0BE-4D38-A56A-013CA0DCD780}"
EndProject
Project("{2150E333-8FDC-42A3-9474-1A3956D46DE8}") = "Seeds", "Seeds", "{17E1D84C-D070-4292-80AE-29BAF44FDC9D}"
EndProject
Project("{2150E333-8FDC-42A3-9474-1A3956D46DE8}") = "Constructions", "Constructions", "{F4812D38-C734-42A3-883B-749C25D6C7E7}"
EndProject
Project("{9A19103F-16F7-4668-BE54-9A1E7A4F7556}") = "Module.Constructions", "Modules\Constructions\Module.Constructions\Module.Constructions.csproj", "{020BB25C-5E41-43DF-A9B9-2E5ED4DADC9D}"
EndProject
Project("{9A19103F-16F7-4668-BE54-9A1E7A4F7556}") = "Module.Constructions.Domain", "Modules\Constructions\Module.Constructions.Domain\Module.Constructions.Domain.csproj", "{ACBB3033-4733-4752-BE42-19B5FC63CFF1}"
EndProject
Project("{9A19103F-16F7-4668-BE54-9A1E7A4F7556}") = "Module.Constructions.Entities", "Modules\Constructions\Module.Constructions.Entities\Module.Constructions.Entities.csproj", "{5A620B2F-6353-4804-B826-469756596B58}"
EndProject
Project("{9A19103F-16F7-4668-BE54-9A1E7A4F7556}") = "Module.Constructions.Core", "Modules\Constructions\Module.Constructions.Core\Module.Constructions.Core.csproj", "{82D32963-3A46-485B-BCCE-89F641AD0D92}"
EndProject
Global
	GlobalSection(SolutionConfigurationPlatforms) = preSolution
		Debug|Any CPU = Debug|Any CPU
		Release|Any CPU = Release|Any CPU
	EndGlobalSection
	GlobalSection(ProjectConfigurationPlatforms) = postSolution
		{065C0AA4-0ABD-4104-BB00-8E7BA43D76D0}.Debug|Any CPU.ActiveCfg = Debug|Any CPU
		{065C0AA4-0ABD-4104-BB00-8E7BA43D76D0}.Debug|Any CPU.Build.0 = Debug|Any CPU
		{065C0AA4-0ABD-4104-BB00-8E7BA43D76D0}.Release|Any CPU.ActiveCfg = Release|Any CPU
		{065C0AA4-0ABD-4104-BB00-8E7BA43D76D0}.Release|Any CPU.Build.0 = Release|Any CPU
		{ECA65C83-CBA0-4432-ACC9-FE0EC9063597}.Debug|Any CPU.ActiveCfg = Debug|Any CPU
		{ECA65C83-CBA0-4432-ACC9-FE0EC9063597}.Debug|Any CPU.Build.0 = Debug|Any CPU
		{ECA65C83-CBA0-4432-ACC9-FE0EC9063597}.Release|Any CPU.ActiveCfg = Release|Any CPU
		{ECA65C83-CBA0-4432-ACC9-FE0EC9063597}.Release|Any CPU.Build.0 = Release|Any CPU
		{5078500E-83A6-4395-9537-CFACB5455E39}.Debug|Any CPU.ActiveCfg = Debug|Any CPU
		{5078500E-83A6-4395-9537-CFACB5455E39}.Debug|Any CPU.Build.0 = Debug|Any CPU
		{5078500E-83A6-4395-9537-CFACB5455E39}.Release|Any CPU.ActiveCfg = Release|Any CPU
		{5078500E-83A6-4395-9537-CFACB5455E39}.Release|Any CPU.Build.0 = Release|Any CPU
		{E2E215CF-4B9A-4912-9144-9F79E3B596E1}.Debug|Any CPU.ActiveCfg = Debug|Any CPU
		{E2E215CF-4B9A-4912-9144-9F79E3B596E1}.Debug|Any CPU.Build.0 = Debug|Any CPU
		{E2E215CF-4B9A-4912-9144-9F79E3B596E1}.Release|Any CPU.ActiveCfg = Release|Any CPU
		{E2E215CF-4B9A-4912-9144-9F79E3B596E1}.Release|Any CPU.Build.0 = Release|Any CPU
		{4E500BDD-CB90-4F04-A64B-6E30D9E1E9EC}.Debug|Any CPU.ActiveCfg = Debug|Any CPU
		{4E500BDD-CB90-4F04-A64B-6E30D9E1E9EC}.Debug|Any CPU.Build.0 = Debug|Any CPU
		{4E500BDD-CB90-4F04-A64B-6E30D9E1E9EC}.Release|Any CPU.ActiveCfg = Release|Any CPU
		{4E500BDD-CB90-4F04-A64B-6E30D9E1E9EC}.Release|Any CPU.Build.0 = Release|Any CPU
		{4B52DD27-4D33-403A-B09E-FF6028FF8A9C}.Debug|Any CPU.ActiveCfg = Debug|Any CPU
		{4B52DD27-4D33-403A-B09E-FF6028FF8A9C}.Debug|Any CPU.Build.0 = Debug|Any CPU
		{4B52DD27-4D33-403A-B09E-FF6028FF8A9C}.Release|Any CPU.ActiveCfg = Release|Any CPU
		{4B52DD27-4D33-403A-B09E-FF6028FF8A9C}.Release|Any CPU.Build.0 = Release|Any CPU
		{C16C2069-3E9D-4844-BECF-2C568936089E}.Debug|Any CPU.ActiveCfg = Debug|Any CPU
		{C16C2069-3E9D-4844-BECF-2C568936089E}.Debug|Any CPU.Build.0 = Debug|Any CPU
		{C16C2069-3E9D-4844-BECF-2C568936089E}.Release|Any CPU.ActiveCfg = Release|Any CPU
		{C16C2069-3E9D-4844-BECF-2C568936089E}.Release|Any CPU.Build.0 = Release|Any CPU
		{0E879DF5-A2A4-4CB5-A32D-599180C95EC5}.Debug|Any CPU.ActiveCfg = Debug|Any CPU
		{0E879DF5-A2A4-4CB5-A32D-599180C95EC5}.Debug|Any CPU.Build.0 = Debug|Any CPU
		{0E879DF5-A2A4-4CB5-A32D-599180C95EC5}.Release|Any CPU.ActiveCfg = Release|Any CPU
		{0E879DF5-A2A4-4CB5-A32D-599180C95EC5}.Release|Any CPU.Build.0 = Release|Any CPU
		{851E88F2-CE6E-49B3-9409-29B96BDD59BC}.Debug|Any CPU.ActiveCfg = Debug|Any CPU
		{851E88F2-CE6E-49B3-9409-29B96BDD59BC}.Debug|Any CPU.Build.0 = Debug|Any CPU
		{851E88F2-CE6E-49B3-9409-29B96BDD59BC}.Release|Any CPU.ActiveCfg = Release|Any CPU
		{851E88F2-CE6E-49B3-9409-29B96BDD59BC}.Release|Any CPU.Build.0 = Release|Any CPU
		{A819A703-FB46-437A-9B69-8BCCF3F045D0}.Debug|Any CPU.ActiveCfg = Debug|Any CPU
		{A819A703-FB46-437A-9B69-8BCCF3F045D0}.Debug|Any CPU.Build.0 = Debug|Any CPU
		{A819A703-FB46-437A-9B69-8BCCF3F045D0}.Release|Any CPU.ActiveCfg = Release|Any CPU
		{A819A703-FB46-437A-9B69-8BCCF3F045D0}.Release|Any CPU.Build.0 = Release|Any CPU
		{369BF431-DF4D-47B0-BADB-2C074E410DA4}.Debug|Any CPU.ActiveCfg = Debug|Any CPU
		{369BF431-DF4D-47B0-BADB-2C074E410DA4}.Debug|Any CPU.Build.0 = Debug|Any CPU
		{369BF431-DF4D-47B0-BADB-2C074E410DA4}.Release|Any CPU.ActiveCfg = Release|Any CPU
		{369BF431-DF4D-47B0-BADB-2C074E410DA4}.Release|Any CPU.Build.0 = Release|Any CPU
		{3B0A545F-AB0D-4E7E-A616-5411D060DF7C}.Debug|Any CPU.ActiveCfg = Debug|Any CPU
		{3B0A545F-AB0D-4E7E-A616-5411D060DF7C}.Debug|Any CPU.Build.0 = Debug|Any CPU
		{3B0A545F-AB0D-4E7E-A616-5411D060DF7C}.Release|Any CPU.ActiveCfg = Release|Any CPU
		{3B0A545F-AB0D-4E7E-A616-5411D060DF7C}.Release|Any CPU.Build.0 = Release|Any CPU
		{433560D7-421F-48EB-8CBA-6F06A3692845}.Debug|Any CPU.ActiveCfg = Debug|Any CPU
		{433560D7-421F-48EB-8CBA-6F06A3692845}.Debug|Any CPU.Build.0 = Debug|Any CPU
		{433560D7-421F-48EB-8CBA-6F06A3692845}.Release|Any CPU.ActiveCfg = Release|Any CPU
		{433560D7-421F-48EB-8CBA-6F06A3692845}.Release|Any CPU.Build.0 = Release|Any CPU
		{F350ADF9-6C28-4C9D-A624-D6DA901AF92B}.Debug|Any CPU.ActiveCfg = Debug|Any CPU
		{F350ADF9-6C28-4C9D-A624-D6DA901AF92B}.Debug|Any CPU.Build.0 = Debug|Any CPU
		{F350ADF9-6C28-4C9D-A624-D6DA901AF92B}.Release|Any CPU.ActiveCfg = Release|Any CPU
		{F350ADF9-6C28-4C9D-A624-D6DA901AF92B}.Release|Any CPU.Build.0 = Release|Any CPU
		{8EE9F988-9BA6-4CCE-B3E9-4B35D6E28444}.Debug|Any CPU.ActiveCfg = Debug|Any CPU
		{8EE9F988-9BA6-4CCE-B3E9-4B35D6E28444}.Debug|Any CPU.Build.0 = Debug|Any CPU
		{8EE9F988-9BA6-4CCE-B3E9-4B35D6E28444}.Release|Any CPU.ActiveCfg = Release|Any CPU
		{8EE9F988-9BA6-4CCE-B3E9-4B35D6E28444}.Release|Any CPU.Build.0 = Release|Any CPU
		{A7FD25AA-92EC-4104-A875-277CCBE69D9C}.Debug|Any CPU.ActiveCfg = Debug|Any CPU
		{A7FD25AA-92EC-4104-A875-277CCBE69D9C}.Debug|Any CPU.Build.0 = Debug|Any CPU
		{A7FD25AA-92EC-4104-A875-277CCBE69D9C}.Release|Any CPU.ActiveCfg = Release|Any CPU
		{A7FD25AA-92EC-4104-A875-277CCBE69D9C}.Release|Any CPU.Build.0 = Release|Any CPU
		{61538D0A-2E39-47C2-921A-C031362DB24D}.Debug|Any CPU.ActiveCfg = Debug|Any CPU
		{61538D0A-2E39-47C2-921A-C031362DB24D}.Debug|Any CPU.Build.0 = Debug|Any CPU
		{61538D0A-2E39-47C2-921A-C031362DB24D}.Release|Any CPU.ActiveCfg = Release|Any CPU
		{61538D0A-2E39-47C2-921A-C031362DB24D}.Release|Any CPU.Build.0 = Release|Any CPU
		{E476D2D9-6624-475D-BC8D-02522AFF7191}.Debug|Any CPU.ActiveCfg = Debug|Any CPU
		{E476D2D9-6624-475D-BC8D-02522AFF7191}.Debug|Any CPU.Build.0 = Debug|Any CPU
		{E476D2D9-6624-475D-BC8D-02522AFF7191}.Release|Any CPU.ActiveCfg = Release|Any CPU
		{E476D2D9-6624-475D-BC8D-02522AFF7191}.Release|Any CPU.Build.0 = Release|Any CPU
		{D316418A-F527-4ABC-95C9-FD4D51FB6FD2}.Debug|Any CPU.ActiveCfg = Debug|Any CPU
		{D316418A-F527-4ABC-95C9-FD4D51FB6FD2}.Debug|Any CPU.Build.0 = Debug|Any CPU
		{D316418A-F527-4ABC-95C9-FD4D51FB6FD2}.Release|Any CPU.ActiveCfg = Release|Any CPU
		{D316418A-F527-4ABC-95C9-FD4D51FB6FD2}.Release|Any CPU.Build.0 = Release|Any CPU
		{4D8322B2-62BD-4B34-85D0-8B56F6979689}.Debug|Any CPU.ActiveCfg = Debug|Any CPU
		{4D8322B2-62BD-4B34-85D0-8B56F6979689}.Debug|Any CPU.Build.0 = Debug|Any CPU
		{4D8322B2-62BD-4B34-85D0-8B56F6979689}.Release|Any CPU.ActiveCfg = Release|Any CPU
		{4D8322B2-62BD-4B34-85D0-8B56F6979689}.Release|Any CPU.Build.0 = Release|Any CPU
		{FCF0150D-1F28-4C7C-A623-9C6B6BE96FF7}.Debug|Any CPU.ActiveCfg = Debug|Any CPU
		{FCF0150D-1F28-4C7C-A623-9C6B6BE96FF7}.Debug|Any CPU.Build.0 = Debug|Any CPU
		{FCF0150D-1F28-4C7C-A623-9C6B6BE96FF7}.Release|Any CPU.ActiveCfg = Release|Any CPU
		{FCF0150D-1F28-4C7C-A623-9C6B6BE96FF7}.Release|Any CPU.Build.0 = Release|Any CPU
		{AB8F384A-EFC8-4C76-B19C-AFE6B0CBE4D0}.Debug|Any CPU.ActiveCfg = Debug|Any CPU
		{AB8F384A-EFC8-4C76-B19C-AFE6B0CBE4D0}.Debug|Any CPU.Build.0 = Debug|Any CPU
		{AB8F384A-EFC8-4C76-B19C-AFE6B0CBE4D0}.Release|Any CPU.ActiveCfg = Release|Any CPU
		{AB8F384A-EFC8-4C76-B19C-AFE6B0CBE4D0}.Release|Any CPU.Build.0 = Release|Any CPU
		{D94DE4FC-211B-45BB-8E2F-D2EE4131FDF3}.Debug|Any CPU.ActiveCfg = Debug|Any CPU
		{D94DE4FC-211B-45BB-8E2F-D2EE4131FDF3}.Debug|Any CPU.Build.0 = Debug|Any CPU
		{D94DE4FC-211B-45BB-8E2F-D2EE4131FDF3}.Release|Any CPU.ActiveCfg = Release|Any CPU
		{D94DE4FC-211B-45BB-8E2F-D2EE4131FDF3}.Release|Any CPU.Build.0 = Release|Any CPU
		{E702037C-0E2A-4E61-B2B1-07CEB0EB5A3D}.Debug|Any CPU.ActiveCfg = Debug|Any CPU
		{E702037C-0E2A-4E61-B2B1-07CEB0EB5A3D}.Debug|Any CPU.Build.0 = Debug|Any CPU
		{E702037C-0E2A-4E61-B2B1-07CEB0EB5A3D}.Release|Any CPU.ActiveCfg = Release|Any CPU
		{E702037C-0E2A-4E61-B2B1-07CEB0EB5A3D}.Release|Any CPU.Build.0 = Release|Any CPU
		{57886C59-A453-415D-83FF-EA3D63A46CC5}.Debug|Any CPU.ActiveCfg = Debug|Any CPU
		{57886C59-A453-415D-83FF-EA3D63A46CC5}.Debug|Any CPU.Build.0 = Debug|Any CPU
		{57886C59-A453-415D-83FF-EA3D63A46CC5}.Release|Any CPU.ActiveCfg = Release|Any CPU
		{57886C59-A453-415D-83FF-EA3D63A46CC5}.Release|Any CPU.Build.0 = Release|Any CPU
		{3BD22093-F67E-41E1-874C-E0A87CAEFC86}.Debug|Any CPU.ActiveCfg = Debug|Any CPU
		{3BD22093-F67E-41E1-874C-E0A87CAEFC86}.Debug|Any CPU.Build.0 = Debug|Any CPU
		{3BD22093-F67E-41E1-874C-E0A87CAEFC86}.Release|Any CPU.ActiveCfg = Release|Any CPU
		{3BD22093-F67E-41E1-874C-E0A87CAEFC86}.Release|Any CPU.Build.0 = Release|Any CPU
		{8B7B60CD-9C61-45A0-8DED-5B45AFAD9DC4}.Debug|Any CPU.ActiveCfg = Debug|Any CPU
		{8B7B60CD-9C61-45A0-8DED-5B45AFAD9DC4}.Debug|Any CPU.Build.0 = Debug|Any CPU
		{8B7B60CD-9C61-45A0-8DED-5B45AFAD9DC4}.Release|Any CPU.ActiveCfg = Release|Any CPU
		{8B7B60CD-9C61-45A0-8DED-5B45AFAD9DC4}.Release|Any CPU.Build.0 = Release|Any CPU
		{06D8BC47-E7E6-48C9-A26B-A73890A20DF5}.Debug|Any CPU.ActiveCfg = Debug|Any CPU
		{06D8BC47-E7E6-48C9-A26B-A73890A20DF5}.Debug|Any CPU.Build.0 = Debug|Any CPU
		{06D8BC47-E7E6-48C9-A26B-A73890A20DF5}.Release|Any CPU.ActiveCfg = Release|Any CPU
		{06D8BC47-E7E6-48C9-A26B-A73890A20DF5}.Release|Any CPU.Build.0 = Release|Any CPU
		{FC00A57A-73BB-4EE4-8ADE-29E73754EFFE}.Debug|Any CPU.ActiveCfg = Debug|Any CPU
		{FC00A57A-73BB-4EE4-8ADE-29E73754EFFE}.Debug|Any CPU.Build.0 = Debug|Any CPU
		{FC00A57A-73BB-4EE4-8ADE-29E73754EFFE}.Release|Any CPU.ActiveCfg = Release|Any CPU
		{FC00A57A-73BB-4EE4-8ADE-29E73754EFFE}.Release|Any CPU.Build.0 = Release|Any CPU
		{01D90B28-037A-49AD-808F-94AAE9512571}.Debug|Any CPU.ActiveCfg = Debug|Any CPU
		{01D90B28-037A-49AD-808F-94AAE9512571}.Debug|Any CPU.Build.0 = Debug|Any CPU
		{01D90B28-037A-49AD-808F-94AAE9512571}.Release|Any CPU.ActiveCfg = Release|Any CPU
		{01D90B28-037A-49AD-808F-94AAE9512571}.Release|Any CPU.Build.0 = Release|Any CPU
		{BE0EE42D-1E99-458F-87E2-AFCBF041A30E}.Debug|Any CPU.ActiveCfg = Debug|Any CPU
		{BE0EE42D-1E99-458F-87E2-AFCBF041A30E}.Debug|Any CPU.Build.0 = Debug|Any CPU
		{BE0EE42D-1E99-458F-87E2-AFCBF041A30E}.Release|Any CPU.ActiveCfg = Release|Any CPU
		{BE0EE42D-1E99-458F-87E2-AFCBF041A30E}.Release|Any CPU.Build.0 = Release|Any CPU
		{DB3AF8F3-5B0C-4E9C-B0C2-20CA74019204}.Debug|Any CPU.ActiveCfg = Debug|Any CPU
		{DB3AF8F3-5B0C-4E9C-B0C2-20CA74019204}.Debug|Any CPU.Build.0 = Debug|Any CPU
		{DB3AF8F3-5B0C-4E9C-B0C2-20CA74019204}.Release|Any CPU.ActiveCfg = Release|Any CPU
		{DB3AF8F3-5B0C-4E9C-B0C2-20CA74019204}.Release|Any CPU.Build.0 = Release|Any CPU
		{B953A3D1-D3D1-4BC1-B782-D0586DE41A95}.Debug|Any CPU.ActiveCfg = Debug|Any CPU
		{B953A3D1-D3D1-4BC1-B782-D0586DE41A95}.Debug|Any CPU.Build.0 = Debug|Any CPU
		{B953A3D1-D3D1-4BC1-B782-D0586DE41A95}.Release|Any CPU.ActiveCfg = Release|Any CPU
		{B953A3D1-D3D1-4BC1-B782-D0586DE41A95}.Release|Any CPU.Build.0 = Release|Any CPU
		{896E3F29-39AE-41A8-AB96-4309B7FFA0BE}.Debug|Any CPU.ActiveCfg = Debug|Any CPU
		{896E3F29-39AE-41A8-AB96-4309B7FFA0BE}.Debug|Any CPU.Build.0 = Debug|Any CPU
		{896E3F29-39AE-41A8-AB96-4309B7FFA0BE}.Release|Any CPU.ActiveCfg = Release|Any CPU
		{896E3F29-39AE-41A8-AB96-4309B7FFA0BE}.Release|Any CPU.Build.0 = Release|Any CPU
		{B590E6A2-8540-4E08-98D6-4494B19C2C19}.Debug|Any CPU.ActiveCfg = Debug|Any CPU
		{B590E6A2-8540-4E08-98D6-4494B19C2C19}.Debug|Any CPU.Build.0 = Debug|Any CPU
		{B590E6A2-8540-4E08-98D6-4494B19C2C19}.Release|Any CPU.ActiveCfg = Release|Any CPU
		{B590E6A2-8540-4E08-98D6-4494B19C2C19}.Release|Any CPU.Build.0 = Release|Any CPU
		{176DA920-D19E-4687-B9C2-651C32669C13}.Debug|Any CPU.ActiveCfg = Debug|Any CPU
		{176DA920-D19E-4687-B9C2-651C32669C13}.Debug|Any CPU.Build.0 = Debug|Any CPU
		{176DA920-D19E-4687-B9C2-651C32669C13}.Release|Any CPU.ActiveCfg = Release|Any CPU
		{176DA920-D19E-4687-B9C2-651C32669C13}.Release|Any CPU.Build.0 = Release|Any CPU
		{4E3158BF-CC6A-47A0-BD62-EEDBA28EFA67}.Debug|Any CPU.ActiveCfg = Debug|Any CPU
		{4E3158BF-CC6A-47A0-BD62-EEDBA28EFA67}.Debug|Any CPU.Build.0 = Debug|Any CPU
		{4E3158BF-CC6A-47A0-BD62-EEDBA28EFA67}.Release|Any CPU.ActiveCfg = Release|Any CPU
		{4E3158BF-CC6A-47A0-BD62-EEDBA28EFA67}.Release|Any CPU.Build.0 = Release|Any CPU
		{79422C41-310F-4BA8-9A2E-EB7F623B1A42}.Debug|Any CPU.ActiveCfg = Debug|Any CPU
		{79422C41-310F-4BA8-9A2E-EB7F623B1A42}.Debug|Any CPU.Build.0 = Debug|Any CPU
		{79422C41-310F-4BA8-9A2E-EB7F623B1A42}.Release|Any CPU.ActiveCfg = Release|Any CPU
		{79422C41-310F-4BA8-9A2E-EB7F623B1A42}.Release|Any CPU.Build.0 = Release|Any CPU
		{A6C82632-BE4D-4FD5-A0A6-D6F53F28130F}.Debug|Any CPU.ActiveCfg = Debug|Any CPU
		{A6C82632-BE4D-4FD5-A0A6-D6F53F28130F}.Debug|Any CPU.Build.0 = Debug|Any CPU
		{A6C82632-BE4D-4FD5-A0A6-D6F53F28130F}.Release|Any CPU.ActiveCfg = Release|Any CPU
		{A6C82632-BE4D-4FD5-A0A6-D6F53F28130F}.Release|Any CPU.Build.0 = Release|Any CPU
		{EBE08B58-0283-4CBF-B2A3-7ABFEBFDC292}.Debug|Any CPU.ActiveCfg = Debug|Any CPU
		{EBE08B58-0283-4CBF-B2A3-7ABFEBFDC292}.Debug|Any CPU.Build.0 = Debug|Any CPU
		{EBE08B58-0283-4CBF-B2A3-7ABFEBFDC292}.Release|Any CPU.ActiveCfg = Release|Any CPU
		{EBE08B58-0283-4CBF-B2A3-7ABFEBFDC292}.Release|Any CPU.Build.0 = Release|Any CPU
		{9CCFC15A-634C-4231-BED6-D0BD1F0D78E3}.Debug|Any CPU.ActiveCfg = Debug|Any CPU
		{9CCFC15A-634C-4231-BED6-D0BD1F0D78E3}.Debug|Any CPU.Build.0 = Debug|Any CPU
		{9CCFC15A-634C-4231-BED6-D0BD1F0D78E3}.Release|Any CPU.ActiveCfg = Release|Any CPU
		{9CCFC15A-634C-4231-BED6-D0BD1F0D78E3}.Release|Any CPU.Build.0 = Release|Any CPU
		{7F1DA15F-82D2-4D00-8F99-22535B0DD283}.Debug|Any CPU.ActiveCfg = Debug|Any CPU
		{7F1DA15F-82D2-4D00-8F99-22535B0DD283}.Debug|Any CPU.Build.0 = Debug|Any CPU
		{7F1DA15F-82D2-4D00-8F99-22535B0DD283}.Release|Any CPU.ActiveCfg = Release|Any CPU
		{7F1DA15F-82D2-4D00-8F99-22535B0DD283}.Release|Any CPU.Build.0 = Release|Any CPU
		{806F6287-F466-46F5-BFC0-487EF5744518}.Debug|Any CPU.ActiveCfg = Debug|Any CPU
		{806F6287-F466-46F5-BFC0-487EF5744518}.Debug|Any CPU.Build.0 = Debug|Any CPU
		{806F6287-F466-46F5-BFC0-487EF5744518}.Release|Any CPU.ActiveCfg = Release|Any CPU
		{806F6287-F466-46F5-BFC0-487EF5744518}.Release|Any CPU.Build.0 = Release|Any CPU
		{D9DD0A87-008A-44BC-9A0F-88A25F8681A0}.Debug|Any CPU.ActiveCfg = Debug|Any CPU
		{D9DD0A87-008A-44BC-9A0F-88A25F8681A0}.Debug|Any CPU.Build.0 = Debug|Any CPU
		{D9DD0A87-008A-44BC-9A0F-88A25F8681A0}.Release|Any CPU.ActiveCfg = Release|Any CPU
		{D9DD0A87-008A-44BC-9A0F-88A25F8681A0}.Release|Any CPU.Build.0 = Release|Any CPU
		{22C1AEBB-762F-4F78-9513-A2A9FD435BC4}.Debug|Any CPU.ActiveCfg = Debug|Any CPU
		{22C1AEBB-762F-4F78-9513-A2A9FD435BC4}.Debug|Any CPU.Build.0 = Debug|Any CPU
		{22C1AEBB-762F-4F78-9513-A2A9FD435BC4}.Release|Any CPU.ActiveCfg = Release|Any CPU
		{22C1AEBB-762F-4F78-9513-A2A9FD435BC4}.Release|Any CPU.Build.0 = Release|Any CPU
		{C982A2CB-F988-44FE-BFE3-A23E026495FD}.Debug|Any CPU.ActiveCfg = Debug|Any CPU
		{C982A2CB-F988-44FE-BFE3-A23E026495FD}.Debug|Any CPU.Build.0 = Debug|Any CPU
		{C982A2CB-F988-44FE-BFE3-A23E026495FD}.Release|Any CPU.ActiveCfg = Release|Any CPU
		{C982A2CB-F988-44FE-BFE3-A23E026495FD}.Release|Any CPU.Build.0 = Release|Any CPU
		{14D05B35-5113-4FA2-9A54-7E0BF650A876}.Debug|Any CPU.ActiveCfg = Debug|Any CPU
		{14D05B35-5113-4FA2-9A54-7E0BF650A876}.Debug|Any CPU.Build.0 = Debug|Any CPU
		{14D05B35-5113-4FA2-9A54-7E0BF650A876}.Release|Any CPU.ActiveCfg = Release|Any CPU
		{14D05B35-5113-4FA2-9A54-7E0BF650A876}.Release|Any CPU.Build.0 = Release|Any CPU
		{88612DF0-DA39-4E51-A9E2-1870E276C927}.Debug|Any CPU.ActiveCfg = Debug|Any CPU
		{88612DF0-DA39-4E51-A9E2-1870E276C927}.Debug|Any CPU.Build.0 = Debug|Any CPU
		{88612DF0-DA39-4E51-A9E2-1870E276C927}.Release|Any CPU.ActiveCfg = Release|Any CPU
		{88612DF0-DA39-4E51-A9E2-1870E276C927}.Release|Any CPU.Build.0 = Release|Any CPU
		{36377054-5166-4B83-A097-4F68A59A95C3}.Debug|Any CPU.ActiveCfg = Debug|Any CPU
		{36377054-5166-4B83-A097-4F68A59A95C3}.Debug|Any CPU.Build.0 = Debug|Any CPU
		{36377054-5166-4B83-A097-4F68A59A95C3}.Release|Any CPU.ActiveCfg = Release|Any CPU
		{36377054-5166-4B83-A097-4F68A59A95C3}.Release|Any CPU.Build.0 = Release|Any CPU
		{EA90A764-E0FB-4A0A-8154-E30B7508F91C}.Debug|Any CPU.ActiveCfg = Debug|Any CPU
		{EA90A764-E0FB-4A0A-8154-E30B7508F91C}.Debug|Any CPU.Build.0 = Debug|Any CPU
		{EA90A764-E0FB-4A0A-8154-E30B7508F91C}.Release|Any CPU.ActiveCfg = Release|Any CPU
		{EA90A764-E0FB-4A0A-8154-E30B7508F91C}.Release|Any CPU.Build.0 = Release|Any CPU
		{FE0FB3A8-A3AD-433A-955D-F5C4EFD530D2}.Debug|Any CPU.ActiveCfg = Debug|Any CPU
		{FE0FB3A8-A3AD-433A-955D-F5C4EFD530D2}.Debug|Any CPU.Build.0 = Debug|Any CPU
		{FE0FB3A8-A3AD-433A-955D-F5C4EFD530D2}.Release|Any CPU.ActiveCfg = Release|Any CPU
		{FE0FB3A8-A3AD-433A-955D-F5C4EFD530D2}.Release|Any CPU.Build.0 = Release|Any CPU
		{29306EF7-AC22-4B11-8D08-48584A54146B}.Debug|Any CPU.ActiveCfg = Debug|Any CPU
		{29306EF7-AC22-4B11-8D08-48584A54146B}.Debug|Any CPU.Build.0 = Debug|Any CPU
		{29306EF7-AC22-4B11-8D08-48584A54146B}.Release|Any CPU.ActiveCfg = Release|Any CPU
		{29306EF7-AC22-4B11-8D08-48584A54146B}.Release|Any CPU.Build.0 = Release|Any CPU
		{0CF9E341-203D-4C0F-87B9-5D4D56BA2BE4}.Debug|Any CPU.ActiveCfg = Debug|Any CPU
		{0CF9E341-203D-4C0F-87B9-5D4D56BA2BE4}.Debug|Any CPU.Build.0 = Debug|Any CPU
		{0CF9E341-203D-4C0F-87B9-5D4D56BA2BE4}.Release|Any CPU.ActiveCfg = Release|Any CPU
		{0CF9E341-203D-4C0F-87B9-5D4D56BA2BE4}.Release|Any CPU.Build.0 = Release|Any CPU
		{59D6689B-79F7-472C-A784-9C120145A8B0}.Debug|Any CPU.ActiveCfg = Debug|Any CPU
		{59D6689B-79F7-472C-A784-9C120145A8B0}.Debug|Any CPU.Build.0 = Debug|Any CPU
		{59D6689B-79F7-472C-A784-9C120145A8B0}.Release|Any CPU.ActiveCfg = Release|Any CPU
		{59D6689B-79F7-472C-A784-9C120145A8B0}.Release|Any CPU.Build.0 = Release|Any CPU
		{7EBFB8F8-3BFF-4B56-93CA-F4C9260294AD}.Debug|Any CPU.ActiveCfg = Debug|Any CPU
		{7EBFB8F8-3BFF-4B56-93CA-F4C9260294AD}.Debug|Any CPU.Build.0 = Debug|Any CPU
		{7EBFB8F8-3BFF-4B56-93CA-F4C9260294AD}.Release|Any CPU.ActiveCfg = Release|Any CPU
		{7EBFB8F8-3BFF-4B56-93CA-F4C9260294AD}.Release|Any CPU.Build.0 = Release|Any CPU
		{2378F503-D7DA-465C-83EB-4FFB46481E05}.Debug|Any CPU.ActiveCfg = Debug|Any CPU
		{2378F503-D7DA-465C-83EB-4FFB46481E05}.Debug|Any CPU.Build.0 = Debug|Any CPU
		{2378F503-D7DA-465C-83EB-4FFB46481E05}.Release|Any CPU.ActiveCfg = Release|Any CPU
		{2378F503-D7DA-465C-83EB-4FFB46481E05}.Release|Any CPU.Build.0 = Release|Any CPU
		{EFDDFA17-90A1-4A9B-AB06-4F4E44A143FE}.Debug|Any CPU.ActiveCfg = Debug|Any CPU
		{EFDDFA17-90A1-4A9B-AB06-4F4E44A143FE}.Debug|Any CPU.Build.0 = Debug|Any CPU
		{EFDDFA17-90A1-4A9B-AB06-4F4E44A143FE}.Release|Any CPU.ActiveCfg = Release|Any CPU
		{EFDDFA17-90A1-4A9B-AB06-4F4E44A143FE}.Release|Any CPU.Build.0 = Release|Any CPU
		{0598A32A-086D-4362-B738-517927F379D1}.Debug|Any CPU.ActiveCfg = Debug|Any CPU
		{0598A32A-086D-4362-B738-517927F379D1}.Debug|Any CPU.Build.0 = Debug|Any CPU
		{0598A32A-086D-4362-B738-517927F379D1}.Release|Any CPU.ActiveCfg = Release|Any CPU
		{0598A32A-086D-4362-B738-517927F379D1}.Release|Any CPU.Build.0 = Release|Any CPU
		{7A43D5E5-F07F-4DAF-9F7B-952FE57BE146}.Debug|Any CPU.ActiveCfg = Debug|Any CPU
		{7A43D5E5-F07F-4DAF-9F7B-952FE57BE146}.Debug|Any CPU.Build.0 = Debug|Any CPU
		{7A43D5E5-F07F-4DAF-9F7B-952FE57BE146}.Release|Any CPU.ActiveCfg = Release|Any CPU
		{7A43D5E5-F07F-4DAF-9F7B-952FE57BE146}.Release|Any CPU.Build.0 = Release|Any CPU
		{4CB5D80F-69FF-42E2-AD71-226D77CC64D4}.Debug|Any CPU.ActiveCfg = Debug|Any CPU
		{4CB5D80F-69FF-42E2-AD71-226D77CC64D4}.Debug|Any CPU.Build.0 = Debug|Any CPU
		{4CB5D80F-69FF-42E2-AD71-226D77CC64D4}.Release|Any CPU.ActiveCfg = Release|Any CPU
		{4CB5D80F-69FF-42E2-AD71-226D77CC64D4}.Release|Any CPU.Build.0 = Release|Any CPU
		{20F06265-6E26-4DD7-A599-F47EDC18AA3E}.Debug|Any CPU.ActiveCfg = Debug|Any CPU
		{20F06265-6E26-4DD7-A599-F47EDC18AA3E}.Debug|Any CPU.Build.0 = Debug|Any CPU
		{20F06265-6E26-4DD7-A599-F47EDC18AA3E}.Release|Any CPU.ActiveCfg = Release|Any CPU
		{20F06265-6E26-4DD7-A599-F47EDC18AA3E}.Release|Any CPU.Build.0 = Release|Any CPU
		{A8885C4C-D0BE-4D38-A56A-013CA0DCD780}.Debug|Any CPU.ActiveCfg = Debug|Any CPU
		{A8885C4C-D0BE-4D38-A56A-013CA0DCD780}.Debug|Any CPU.Build.0 = Debug|Any CPU
		{A8885C4C-D0BE-4D38-A56A-013CA0DCD780}.Release|Any CPU.ActiveCfg = Release|Any CPU
		{A8885C4C-D0BE-4D38-A56A-013CA0DCD780}.Release|Any CPU.Build.0 = Release|Any CPU
		{020BB25C-5E41-43DF-A9B9-2E5ED4DADC9D}.Debug|Any CPU.ActiveCfg = Debug|Any CPU
		{020BB25C-5E41-43DF-A9B9-2E5ED4DADC9D}.Debug|Any CPU.Build.0 = Debug|Any CPU
		{020BB25C-5E41-43DF-A9B9-2E5ED4DADC9D}.Release|Any CPU.ActiveCfg = Release|Any CPU
		{020BB25C-5E41-43DF-A9B9-2E5ED4DADC9D}.Release|Any CPU.Build.0 = Release|Any CPU
		{ACBB3033-4733-4752-BE42-19B5FC63CFF1}.Debug|Any CPU.ActiveCfg = Debug|Any CPU
		{ACBB3033-4733-4752-BE42-19B5FC63CFF1}.Debug|Any CPU.Build.0 = Debug|Any CPU
		{ACBB3033-4733-4752-BE42-19B5FC63CFF1}.Release|Any CPU.ActiveCfg = Release|Any CPU
		{ACBB3033-4733-4752-BE42-19B5FC63CFF1}.Release|Any CPU.Build.0 = Release|Any CPU
		{5A620B2F-6353-4804-B826-469756596B58}.Debug|Any CPU.ActiveCfg = Debug|Any CPU
		{5A620B2F-6353-4804-B826-469756596B58}.Debug|Any CPU.Build.0 = Debug|Any CPU
		{5A620B2F-6353-4804-B826-469756596B58}.Release|Any CPU.ActiveCfg = Release|Any CPU
		{5A620B2F-6353-4804-B826-469756596B58}.Release|Any CPU.Build.0 = Release|Any CPU
		{82D32963-3A46-485B-BCCE-89F641AD0D92}.Debug|Any CPU.ActiveCfg = Debug|Any CPU
		{82D32963-3A46-485B-BCCE-89F641AD0D92}.Debug|Any CPU.Build.0 = Debug|Any CPU
		{82D32963-3A46-485B-BCCE-89F641AD0D92}.Release|Any CPU.ActiveCfg = Release|Any CPU
		{82D32963-3A46-485B-BCCE-89F641AD0D92}.Release|Any CPU.Build.0 = Release|Any CPU
	EndGlobalSection
	GlobalSection(SolutionProperties) = preSolution
		HideSolutionNode = FALSE
	EndGlobalSection
	GlobalSection(NestedProjects) = preSolution
		{065C0AA4-0ABD-4104-BB00-8E7BA43D76D0} = {7979CEB4-7B10-4611-A663-44842F17AC0B}
		{ECA65C83-CBA0-4432-ACC9-FE0EC9063597} = {C992E2E0-2C5F-47FF-9327-FBEFC00F319F}
		{5078500E-83A6-4395-9537-CFACB5455E39} = {7979CEB4-7B10-4611-A663-44842F17AC0B}
		{E2E215CF-4B9A-4912-9144-9F79E3B596E1} = {C992E2E0-2C5F-47FF-9327-FBEFC00F319F}
		{4E500BDD-CB90-4F04-A64B-6E30D9E1E9EC} = {C992E2E0-2C5F-47FF-9327-FBEFC00F319F}
		{4B52DD27-4D33-403A-B09E-FF6028FF8A9C} = {572B524E-297B-44BA-803C-6257D0FDFDB0}
		{68481879-1ADE-4BFB-ADE8-37A260A1B74E} = {20B2E10D-8639-43DE-AF2E-E3CA8F9F306D}
		{6E3347DA-3C3F-40A4-B261-958F4CC9122C} = {20B2E10D-8639-43DE-AF2E-E3CA8F9F306D}
		{64EA24D5-4560-45D1-AD71-E9A08B3BEC12} = {20B2E10D-8639-43DE-AF2E-E3CA8F9F306D}
		{C16C2069-3E9D-4844-BECF-2C568936089E} = {64EA24D5-4560-45D1-AD71-E9A08B3BEC12}
		{F08DF705-12E9-4E0F-84CE-CFE3A12AFEE7} = {B2384412-108B-4755-95E7-D93B454620D5}
		{E08CE9AD-5355-45C4-95F2-11346FBA7809} = {20B2E10D-8639-43DE-AF2E-E3CA8F9F306D}
		{5B453AC2-C5A1-4BD8-8BBA-D60E10C80D26} = {20B2E10D-8639-43DE-AF2E-E3CA8F9F306D}
		{E578C668-CB8D-428A-AF62-E0B7160BBEE7} = {F08DF705-12E9-4E0F-84CE-CFE3A12AFEE7}
		{92967F3B-ECF0-41EE-A841-CEEF89031363} = {20B2E10D-8639-43DE-AF2E-E3CA8F9F306D}
		{D3F7F105-C663-42FA-97DA-3A710186DFA2} = {B2384412-108B-4755-95E7-D93B454620D5}
		{8E1D8A19-43ED-47B5-BC34-A86272B41ACC} = {B2384412-108B-4755-95E7-D93B454620D5}
		{F9217238-0E8E-463B-B0EF-0260DB789AF4} = {8E1D8A19-43ED-47B5-BC34-A86272B41ACC}
		{0E879DF5-A2A4-4CB5-A32D-599180C95EC5} = {C992E2E0-2C5F-47FF-9327-FBEFC00F319F}
		{851E88F2-CE6E-49B3-9409-29B96BDD59BC} = {C992E2E0-2C5F-47FF-9327-FBEFC00F319F}
		{A819A703-FB46-437A-9B69-8BCCF3F045D0} = {C992E2E0-2C5F-47FF-9327-FBEFC00F319F}
		{15F8F4BA-8F15-4494-A766-D9FD42B28413} = {20B2E10D-8639-43DE-AF2E-E3CA8F9F306D}
		{8816D5D2-5921-4F82-8C68-DFA3EF1E3AFD} = {20B2E10D-8639-43DE-AF2E-E3CA8F9F306D}
		{6EAAC5DE-E5B9-49F1-B9E2-66094063D358} = {20B2E10D-8639-43DE-AF2E-E3CA8F9F306D}
		{E7C6BACD-9AF0-4499-82FA-8B2A8214B610} = {20B2E10D-8639-43DE-AF2E-E3CA8F9F306D}
		{369BF431-DF4D-47B0-BADB-2C074E410DA4} = {E7C6BACD-9AF0-4499-82FA-8B2A8214B610}
		{3B0A545F-AB0D-4E7E-A616-5411D060DF7C} = {E578C668-CB8D-428A-AF62-E0B7160BBEE7}
		{433560D7-421F-48EB-8CBA-6F06A3692845} = {E578C668-CB8D-428A-AF62-E0B7160BBEE7}
		{F350ADF9-6C28-4C9D-A624-D6DA901AF92B} = {E578C668-CB8D-428A-AF62-E0B7160BBEE7}
		{8EE9F988-9BA6-4CCE-B3E9-4B35D6E28444} = {E578C668-CB8D-428A-AF62-E0B7160BBEE7}
		{A7FD25AA-92EC-4104-A875-277CCBE69D9C} = {B2384412-108B-4755-95E7-D93B454620D5}
		{61538D0A-2E39-47C2-921A-C031362DB24D} = {F08DF705-12E9-4E0F-84CE-CFE3A12AFEE7}
		{E476D2D9-6624-475D-BC8D-02522AFF7191} = {F08DF705-12E9-4E0F-84CE-CFE3A12AFEE7}
		{31EF8884-9F22-4115-96B7-B569EFCB6E33} = {B2384412-108B-4755-95E7-D93B454620D5}
		{D316418A-F527-4ABC-95C9-FD4D51FB6FD2} = {F08DF705-12E9-4E0F-84CE-CFE3A12AFEE7}
		{8AAEC840-1460-4CAE-95A9-D0F14B32D4EA} = {B2384412-108B-4755-95E7-D93B454620D5}
		{4D8322B2-62BD-4B34-85D0-8B56F6979689} = {D3F7F105-C663-42FA-97DA-3A710186DFA2}
		{FCF0150D-1F28-4C7C-A623-9C6B6BE96FF7} = {D3F7F105-C663-42FA-97DA-3A710186DFA2}
		{AB8F384A-EFC8-4C76-B19C-AFE6B0CBE4D0} = {D3F7F105-C663-42FA-97DA-3A710186DFA2}
		{D94DE4FC-211B-45BB-8E2F-D2EE4131FDF3} = {31EF8884-9F22-4115-96B7-B569EFCB6E33}
		{E702037C-0E2A-4E61-B2B1-07CEB0EB5A3D} = {31EF8884-9F22-4115-96B7-B569EFCB6E33}
		{57886C59-A453-415D-83FF-EA3D63A46CC5} = {8AAEC840-1460-4CAE-95A9-D0F14B32D4EA}
		{B7C84D29-AA6A-4000-A7B7-B2B7258B0210} = {B2384412-108B-4755-95E7-D93B454620D5}
		{3BD22093-F67E-41E1-874C-E0A87CAEFC86} = {B7C84D29-AA6A-4000-A7B7-B2B7258B0210}
		{8B7B60CD-9C61-45A0-8DED-5B45AFAD9DC4} = {B7C84D29-AA6A-4000-A7B7-B2B7258B0210}
		{FD02F362-2B52-4D2A-B304-01C63A7C3C72} = {B2384412-108B-4755-95E7-D93B454620D5}
		{06D8BC47-E7E6-48C9-A26B-A73890A20DF5} = {FD02F362-2B52-4D2A-B304-01C63A7C3C72}
		{FC00A57A-73BB-4EE4-8ADE-29E73754EFFE} = {FD02F362-2B52-4D2A-B304-01C63A7C3C72}
		{01D90B28-037A-49AD-808F-94AAE9512571} = {E08CE9AD-5355-45C4-95F2-11346FBA7809}
		{BE0EE42D-1E99-458F-87E2-AFCBF041A30E} = {E08CE9AD-5355-45C4-95F2-11346FBA7809}
		{DB3AF8F3-5B0C-4E9C-B0C2-20CA74019204} = {E08CE9AD-5355-45C4-95F2-11346FBA7809}
		{B953A3D1-D3D1-4BC1-B782-D0586DE41A95} = {15F8F4BA-8F15-4494-A766-D9FD42B28413}
		{896E3F29-39AE-41A8-AB96-4309B7FFA0BE} = {15F8F4BA-8F15-4494-A766-D9FD42B28413}
		{B590E6A2-8540-4E08-98D6-4494B19C2C19} = {15F8F4BA-8F15-4494-A766-D9FD42B28413}
		{176DA920-D19E-4687-B9C2-651C32669C13} = {15F8F4BA-8F15-4494-A766-D9FD42B28413}
		{4E3158BF-CC6A-47A0-BD62-EEDBA28EFA67} = {8816D5D2-5921-4F82-8C68-DFA3EF1E3AFD}
		{79422C41-310F-4BA8-9A2E-EB7F623B1A42} = {8816D5D2-5921-4F82-8C68-DFA3EF1E3AFD}
		{A6C82632-BE4D-4FD5-A0A6-D6F53F28130F} = {8816D5D2-5921-4F82-8C68-DFA3EF1E3AFD}
		{4986A3AA-D3C7-4F4B-B271-5993B2CD0003} = {B2384412-108B-4755-95E7-D93B454620D5}
		{EBE08B58-0283-4CBF-B2A3-7ABFEBFDC292} = {4986A3AA-D3C7-4F4B-B271-5993B2CD0003}
		{188A2380-6500-40AA-A5A2-C637686E519E} = {B2384412-108B-4755-95E7-D93B454620D5}
		{9CCFC15A-634C-4231-BED6-D0BD1F0D78E3} = {188A2380-6500-40AA-A5A2-C637686E519E}
		{7F1DA15F-82D2-4D00-8F99-22535B0DD283} = {188A2380-6500-40AA-A5A2-C637686E519E}
		{7B894FCB-CB45-40C0-AAA4-5489185176C3} = {20B2E10D-8639-43DE-AF2E-E3CA8F9F306D}
		{806F6287-F466-46F5-BFC0-487EF5744518} = {7B894FCB-CB45-40C0-AAA4-5489185176C3}
		{D9DD0A87-008A-44BC-9A0F-88A25F8681A0} = {7B894FCB-CB45-40C0-AAA4-5489185176C3}
		{22C1AEBB-762F-4F78-9513-A2A9FD435BC4} = {7B894FCB-CB45-40C0-AAA4-5489185176C3}
		{C982A2CB-F988-44FE-BFE3-A23E026495FD} = {6E3347DA-3C3F-40A4-B261-958F4CC9122C}
		{14D05B35-5113-4FA2-9A54-7E0BF650A876} = {6E3347DA-3C3F-40A4-B261-958F4CC9122C}
		{88612DF0-DA39-4E51-A9E2-1870E276C927} = {6E3347DA-3C3F-40A4-B261-958F4CC9122C}
		{36377054-5166-4B83-A097-4F68A59A95C3} = {5B453AC2-C5A1-4BD8-8BBA-D60E10C80D26}
		{EA90A764-E0FB-4A0A-8154-E30B7508F91C} = {5B453AC2-C5A1-4BD8-8BBA-D60E10C80D26}
		{FE0FB3A8-A3AD-433A-955D-F5C4EFD530D2} = {5B453AC2-C5A1-4BD8-8BBA-D60E10C80D26}
		{29306EF7-AC22-4B11-8D08-48584A54146B} = {68481879-1ADE-4BFB-ADE8-37A260A1B74E}
		{0CF9E341-203D-4C0F-87B9-5D4D56BA2BE4} = {68481879-1ADE-4BFB-ADE8-37A260A1B74E}
		{59D6689B-79F7-472C-A784-9C120145A8B0} = {68481879-1ADE-4BFB-ADE8-37A260A1B74E}
		{A3B22BC9-A281-4981-8AE9-F8CC128C5C75} = {B2384412-108B-4755-95E7-D93B454620D5}
		{7EBFB8F8-3BFF-4B56-93CA-F4C9260294AD} = {A3B22BC9-A281-4981-8AE9-F8CC128C5C75}
		{2378F503-D7DA-465C-83EB-4FFB46481E05} = {A3B22BC9-A281-4981-8AE9-F8CC128C5C75}
		{EFDDFA17-90A1-4A9B-AB06-4F4E44A143FE} = {B7C84D29-AA6A-4000-A7B7-B2B7258B0210}
		{22D1DFBD-13FA-4FF3-8DF2-10C1862F38F7} = {B2384412-108B-4755-95E7-D93B454620D5}
		{0598A32A-086D-4362-B738-517927F379D1} = {22D1DFBD-13FA-4FF3-8DF2-10C1862F38F7}
		{6619D141-D34A-4103-BA62-0F6AA7C617BA} = {20B2E10D-8639-43DE-AF2E-E3CA8F9F306D}
		{845C6C12-7F99-4BB8-AE6B-08DEAC8DD084} = {6619D141-D34A-4103-BA62-0F6AA7C617BA}
		{7A43D5E5-F07F-4DAF-9F7B-952FE57BE146} = {845C6C12-7F99-4BB8-AE6B-08DEAC8DD084}
		{4CB5D80F-69FF-42E2-AD71-226D77CC64D4} = {845C6C12-7F99-4BB8-AE6B-08DEAC8DD084}
		{20F06265-6E26-4DD7-A599-F47EDC18AA3E} = {845C6C12-7F99-4BB8-AE6B-08DEAC8DD084}
		{A8885C4C-D0BE-4D38-A56A-013CA0DCD780} = {17E1D84C-D070-4292-80AE-29BAF44FDC9D}
		{17E1D84C-D070-4292-80AE-29BAF44FDC9D} = {20B2E10D-8639-43DE-AF2E-E3CA8F9F306D}
		{F4812D38-C734-42A3-883B-749C25D6C7E7} = {20B2E10D-8639-43DE-AF2E-E3CA8F9F306D}
		{020BB25C-5E41-43DF-A9B9-2E5ED4DADC9D} = {F4812D38-C734-42A3-883B-749C25D6C7E7}
		{ACBB3033-4733-4752-BE42-19B5FC63CFF1} = {F4812D38-C734-42A3-883B-749C25D6C7E7}
		{5A620B2F-6353-4804-B826-469756596B58} = {F4812D38-C734-42A3-883B-749C25D6C7E7}
		{82D32963-3A46-485B-BCCE-89F641AD0D92} = {F4812D38-C734-42A3-883B-749C25D6C7E7}
	EndGlobalSection
	GlobalSection(ExtensibilityGlobals) = postSolution
		SolutionGuid = {0F538F95-67C6-4C89-AF99-77F97C28ABBD}
	EndGlobalSection
EndGlobal
