
Microsoft Visual Studio Solution File, Format Version 12.00
# Visual Studio Version 16
VisualStudioVersion = 16.0.29025.244
MinimumVisualStudioVersion = 10.0.40219.1
Project("{2150E333-8FDC-42A3-9474-1A3956D46DE8}") = "Komment", "Komment", "{7979CEB4-7B10-4611-A663-44842F17AC0B}"
EndProject
Project("{9A19103F-16F7-4668-BE54-9A1E7A4F7556}") = "Comment.Application", "Comment.Application\Comment.Application.csproj", "{065C0AA4-0ABD-4104-BB00-8E7BA43D76D0}"
EndProject
Project("{2150E333-8FDC-42A3-9474-1A3956D46DE8}") = "Core", "Core", "{C992E2E0-2C5F-47FF-9327-FBEFC00F319F}"
EndProject
Project("{9A19103F-16F7-4668-BE54-9A1E7A4F7556}") = "Core.Extensions", "Core.Common\Core.Extensions.csproj", "{ECA65C83-CBA0-4432-ACC9-FE0EC9063597}"
EndProject
Project("{9A19103F-16F7-4668-BE54-9A1E7A4F7556}") = "Core.Web", "Core.Web\Core.Web.csproj", "{F8D8BAD7-EFBF-406B-8526-BFE0135E95B7}"
EndProject
Project("{9A19103F-16F7-4668-BE54-9A1E7A4F7556}") = "Comment.Tools", "Comment.Tools\Comment.Tools.csproj", "{5078500E-83A6-4395-9537-CFACB5455E39}"
EndProject
Project("{9A19103F-16F7-4668-BE54-9A1E7A4F7556}") = "Core.Infrastructure", "Core.Infrastructure\Core.Infrastructure.csproj", "{E2E215CF-4B9A-4912-9144-9F79E3B596E1}"
EndProject
Project("{9A19103F-16F7-4668-BE54-9A1E7A4F7556}") = "Core.Interfaces", "Core.Interfaces\Core.Interfaces.csproj", "{4E500BDD-CB90-4F04-A64B-6E30D9E1E9EC}"
EndProject
Project("{9A19103F-16F7-4668-BE54-9A1E7A4F7556}") = "Core.Events", "Core.Events\Core.Events.csproj", "{035E656C-D76F-44D1-A6BC-5CF6B20F5A6A}"
EndProject
Project("{2150E333-8FDC-42A3-9474-1A3956D46DE8}") = "Modules", "Modules", "{20B2E10D-8639-43DE-AF2E-E3CA8F9F306D}"
EndProject
Project("{2150E333-8FDC-42A3-9474-1A3956D46DE8}") = "Hosts", "Hosts", "{572B524E-297B-44BA-803C-6257D0FDFDB0}"
EndProject
Project("{9A19103F-16F7-4668-BE54-9A1E7A4F7556}") = "AccountingWebHost", "AccountingWebHost\AccountingWebHost.csproj", "{4B52DD27-4D33-403A-B09E-FF6028FF8A9C}"
EndProject
Project("{9A19103F-16F7-4668-BE54-9A1E7A4F7556}") = "Module.Users", "Modules\Module.User\Module.Users.csproj", "{4F26118B-4054-4FF1-8788-3C6060F7A1DB}"
EndProject
Project("{2150E333-8FDC-42A3-9474-1A3956D46DE8}") = "Payments", "Payments", "{68481879-1ADE-4BFB-ADE8-37A260A1B74E}"
EndProject
Project("{2150E333-8FDC-42A3-9474-1A3956D46DE8}") = "Sales", "Sales", "{6E3347DA-3C3F-40A4-B261-958F4CC9122C}"
EndProject
Project("{9A19103F-16F7-4668-BE54-9A1E7A4F7556}") = "Module.Sales", "Modules\Module.Sales\Module.Sales.csproj", "{D442CAE4-B6D0-489C-8759-BF7CEF9E2437}"
EndProject
Project("{9A19103F-16F7-4668-BE54-9A1E7A4F7556}") = "Module.Core", "Modules\Module.Core\Module.Core.csproj", "{446036FE-9162-4994-AAA4-C71F15A0DF38}"
EndProject
Project("{2150E333-8FDC-42A3-9474-1A3956D46DE8}") = "Comments", "Comments", "{64EA24D5-4560-45D1-AD71-E9A08B3BEC12}"
EndProject
Project("{9A19103F-16F7-4668-BE54-9A1E7A4F7556}") = "Module.Comment", "Modules\Module.Comment\Module.Comment.csproj", "{C16C2069-3E9D-4844-BECF-2C568936089E}"
EndProject
Project("{2150E333-8FDC-42A3-9474-1A3956D46DE8}") = "Persistence", "Persistence", "{F08DF705-12E9-4E0F-84CE-CFE3A12AFEE7}"
EndProject
Project("{9A19103F-16F7-4668-BE54-9A1E7A4F7556}") = "Modules.Sales.Domain", "Modules\Module.Sales.Domain\Modules.Sales.Domain.csproj", "{F7919591-4C51-4492-8337-3BF3564EA287}"
EndProject
Project("{2150E333-8FDC-42A3-9474-1A3956D46DE8}") = "Users", "Users", "{E08CE9AD-5355-45C4-95F2-11346FBA7809}"
EndProject
Project("{9A19103F-16F7-4668-BE54-9A1E7A4F7556}") = "Module.Users.Entities", "Modules\Module.Users.Entities\Module.Users.Entities.csproj", "{6A2EE17D-B9CB-418F-A2BF-CBF7A46B8BFD}"
EndProject
Project("{2150E333-8FDC-42A3-9474-1A3956D46DE8}") = "Core", "Core", "{5B453AC2-C5A1-4BD8-8BBA-D60E10C80D26}"
EndProject
Project("{9A19103F-16F7-4668-BE54-9A1E7A4F7556}") = "Module.Core.Entities", "Modules\Module.Core.Entities\Module.Core.Entities.csproj", "{8391F883-CD4B-4D5B-AB99-8FDF0FE164A2}"
EndProject
Project("{9A19103F-16F7-4668-BE54-9A1E7A4F7556}") = "Module.Sales.Entities", "Modules\Module.Sales.Entities\Module.Sales.Entities.csproj", "{9F34B921-6A37-45DB-A877-0F0CB342ABEB}"
EndProject
Project("{9A19103F-16F7-4668-BE54-9A1E7A4F7556}") = "Module.Users.Domain", "Modules\Module.Users.Domain\Module.Users.Domain.csproj", "{84E1D491-E91E-4A64-BBE0-8E148CA60277}"
EndProject
Project("{9A19103F-16F7-4668-BE54-9A1E7A4F7556}") = "Module.Payments.Entities", "Modules\Module.Payments.Entities\Module.Payments.Entities.csproj", "{D56741D8-3857-4A6B-9FA8-209A7E63961C}"
EndProject
Project("{9A19103F-16F7-4668-BE54-9A1E7A4F7556}") = "Module.Payments.Domain", "Modules\Module.Payments.Domain\Module.Payments.Domain.csproj", "{E3A393FD-B04A-4E70-AD5A-F62C5B2DB07C}"
EndProject
Project("{9A19103F-16F7-4668-BE54-9A1E7A4F7556}") = "Module.Payments.Data", "Modules\Module.Payments.Data\Module.Payments.Data.csproj", "{168D40C9-1ED2-4B5C-B458-1CE3A02C8C37}"
EndProject
Project("{2150E333-8FDC-42A3-9474-1A3956D46DE8}") = "Extensions", "Extensions", "{B2384412-108B-4755-95E7-D93B454620D5}"
EndProject
Project("{9A19103F-16F7-4668-BE54-9A1E7A4F7556}") = "Msi.Extensions.WebApp", "Extensions\Msi.Extensions.WebApp\Msi.Extensions.WebApp.csproj", "{950AB2A9-D194-4823-AC4C-F3583FFB4FE6}"
EndProject
Project("{9A19103F-16F7-4668-BE54-9A1E7A4F7556}") = "Msi.Extensions.Infrastructure", "Extensions\Msi.Extensions.Infrastructure\Msi.Extensions.Infrastructure.csproj", "{4C4152E6-5FDD-4BC8-B4CE-D3633B2B9A1A}"
EndProject
Project("{2150E333-8FDC-42A3-9474-1A3956D46DE8}") = "EntityFrameworkCore", "EntityFrameworkCore", "{E578C668-CB8D-428A-AF62-E0B7160BBEE7}"
EndProject
Project("{9A19103F-16F7-4668-BE54-9A1E7A4F7556}") = "Msi.Extensions.Persistence.EntityFrameworkCore", "Extensions\Msi.Extensions.Persistence.EntityFrameworkCore\Msi.Extensions.Persistence.EntityFrameworkCore.csproj", "{8EBC5412-646E-493A-B6BD-F0694D404235}"
EndProject
Project("{9A19103F-16F7-4668-BE54-9A1E7A4F7556}") = "Msi.Extensions.Persistence.EntityFrameworkCore.SqlServer", "Extensions\Msi.Extensions.Persistence.EntityFrameworkCore.SqlServer\Msi.Extensions.Persistence.EntityFrameworkCore.SqlServer.csproj", "{F44C8B29-A7F3-4E15-9000-C268E7272209}"
EndProject
Project("{9A19103F-16F7-4668-BE54-9A1E7A4F7556}") = "Msi.Extensions.Persistence.Abstractions", "Extensions\Msi.Extensions.Persistence.Abstractions\Msi.Extensions.Persistence.Abstractions.csproj", "{ACD82BD9-0B0E-4ECE-BCFD-CC30169F9497}"
EndProject
Project("{9A19103F-16F7-4668-BE54-9A1E7A4F7556}") = "Msi.Extensions.Persistence.EntityFrameworkCore.Sqlite", "Extensions\Msi.Extensions.Persistence.EntityFrameworkCore.Sqlite\Msi.Extensions.Persistence.EntityFrameworkCore.Sqlite.csproj", "{C3DA1841-08CC-47A6-9166-E7961E08D0D6}"
EndProject
Project("{9A19103F-16F7-4668-BE54-9A1E7A4F7556}") = "Msi.Extensions.Persistence.DependencyInjection", "Extensions\Msi.Extensions.Persistence.DependencyInjection\Msi.Extensions.Persistence.DependencyInjection.csproj", "{C5040BE5-F583-46BE-8ED6-5B46893FD66A}"
EndProject
Project("{9A19103F-16F7-4668-BE54-9A1E7A4F7556}") = "Msi.Extensions.DependencyInjection", "Extensions\Msi.Extensions.DependencyInjection\Msi.Extensions.DependencyInjection.csproj", "{344100A7-C16F-469B-80D5-1E216A5695F1}"
EndProject
Project("{2150E333-8FDC-42A3-9474-1A3956D46DE8}") = "IdentityServer", "IdentityServer", "{92967F3B-ECF0-41EE-A841-CEEF89031363}"
EndProject
Project("{9A19103F-16F7-4668-BE54-9A1E7A4F7556}") = "Module.IdentityServer.Persistence.EntityFramework", "Modules\Module.IdentityServer.Persistence.EntityFramework\Module.IdentityServer.Persistence.EntityFramework.csproj", "{638506AB-75D5-4A68-894C-DC5EB35DBF40}"
EndProject
Project("{9A19103F-16F7-4668-BE54-9A1E7A4F7556}") = "Module.IdentityServer.Entities", "Modules\Module.IdentityServer.Entities\Module.IdentityServer.Entities.csproj", "{67D93C90-F914-4528-99E9-83FD2DED5BF1}"
EndProject
Project("{9A19103F-16F7-4668-BE54-9A1E7A4F7556}") = "Module.IdentityServer.Domain", "Modules\Module.IdentityServer.Domain\Module.IdentityServer.Domain.csproj", "{19730E64-A67D-405C-BB71-282B645CB2BE}"
EndProject
Project("{2150E333-8FDC-42A3-9474-1A3956D46DE8}") = "Identity", "Identity", "{DCE83B9C-153D-4D3E-9A1F-CDB2A5644624}"
EndProject
Project("{9A19103F-16F7-4668-BE54-9A1E7A4F7556}") = "Module.IdentityServer", "Modules\Module.IdentityServer\Module.IdentityServer.csproj", "{7C88B66E-F2BB-4A1B-99BE-BD15CB7BE112}"
EndProject
Project("{9A19103F-16F7-4668-BE54-9A1E7A4F7556}") = "Module.Identity", "Modules\Module.Identity\Module.Identity.csproj", "{C72EDB5E-BF9D-4A52-B7A4-3BB26BF1C4E6}"
EndProject
Project("{9A19103F-16F7-4668-BE54-9A1E7A4F7556}") = "Module.Identity.Domain", "Modules\Module.Identity.Domain\Module.Identity.Domain.csproj", "{8B5F62B0-2263-40A8-BF8D-C7A227023896}"
EndProject
Project("{9A19103F-16F7-4668-BE54-9A1E7A4F7556}") = "Module.Identity.Persistence.EntityFramework", "Modules\Module.Identity.Persistence.EntityFramework\Module.Identity.Persistence.EntityFramework.csproj", "{E91865C0-3512-4456-AE41-EA5C3196828E}"
EndProject
Project("{9A19103F-16F7-4668-BE54-9A1E7A4F7556}") = "Module.Identity.Entities", "Modules\Module.Identity.Entities\Module.Identity.Entities.csproj", "{8B9293AD-CDC2-4D8F-8258-D7092239E781}"
EndProject
Project("{9A19103F-16F7-4668-BE54-9A1E7A4F7556}") = "Module.Sales.Persistence.EntityFramework", "Modules\Module.Sales.Persistence.EntityFramework\Module.Sales.Persistence.EntityFramework.csproj", "{E19E013D-9653-402F-8A72-873EEEE343CB}"
EndProject
Project("{9A19103F-16F7-4668-BE54-9A1E7A4F7556}") = "Module.Core.Persistence.EntityFramework", "Modules\Module.Core.Persistence.EntityFramework\Module.Core.Persistence.EntityFramework.csproj", "{DFFB9D33-FF42-4606-9F19-74F824292A59}"
EndProject
Project("{2150E333-8FDC-42A3-9474-1A3956D46DE8}") = "FileStorage", "FileStorage", "{D3F7F105-C663-42FA-97DA-3A710186DFA2}"
EndProject
Project("{9A19103F-16F7-4668-BE54-9A1E7A4F7556}") = "Msi.FileStorage.Abstractions", "Extensions\Msi.FileStorage.Abstractions\Msi.FileStorage.Abstractions.csproj", "{C3A7E037-4C10-463B-8BE3-3A7EDFF48616}"
EndProject
Project("{9A19103F-16F7-4668-BE54-9A1E7A4F7556}") = "Msi.FileStorage.Dropbox", "Extensions\Msi.FileStorage.Dropbox\Msi.FileStorage.Dropbox.csproj", "{9718A557-2274-49BE-86FA-111C76856311}"
EndProject
Project("{9A19103F-16F7-4668-BE54-9A1E7A4F7556}") = "Msi.FileStorage.FileSystem", "Extensions\Msi.FileStorage.FileSystem\Msi.FileStorage.FileSystem.csproj", "{2B49FF14-487F-42B0-843A-BCA9A38B195D}"
EndProject
Project("{2150E333-8FDC-42A3-9474-1A3956D46DE8}") = "Converter", "Converter", "{8E1D8A19-43ED-47B5-BC34-A86272B41ACC}"
EndProject
Project("{9A19103F-16F7-4668-BE54-9A1E7A4F7556}") = "Msi.Converter.Abstractions", "Extensions\Msi.Converter.Abstractions\Msi.Converter.Abstractions.csproj", "{AEA5C0E4-9E7C-4BE9-8021-2CF09A826DE8}"
EndProject
Project("{9A19103F-16F7-4668-BE54-9A1E7A4F7556}") = "Msi.PdfConverter.DinkToPdf", "Extensions\Msi.PdfConverter.DinkToPdf\Msi.PdfConverter.DinkToPdf.csproj", "{CC3133C3-EB4C-4A5E-9D8F-A98C2C7C4026}"
EndProject
Project("{2150E333-8FDC-42A3-9474-1A3956D46DE8}") = "PdfConverter", "PdfConverter", "{F9217238-0E8E-463B-B0EF-0260DB789AF4}"
EndProject
Project("{2150E333-8FDC-42A3-9474-1A3956D46DE8}") = "DependencyInjection", "DependencyInjection", "{9093605D-82D0-452F-88FB-1D6DD07DA8A7}"
EndProject
Project("{9A19103F-16F7-4668-BE54-9A1E7A4F7556}") = "Msi.Extensions.DependencyInjection.Abstractions", "Extensions\Msi.Extensions.DependencyInjection.Abstractions\Msi.Extensions.DependencyInjection.Abstractions.csproj", "{BABD1F9F-5D33-44E0-A17D-837F1F9103DE}"
EndProject
Project("{9A19103F-16F7-4668-BE54-9A1E7A4F7556}") = "Msi.Extensions.Persistence.EntityFrameworkCore.Mysql", "Extensions\Msi.Extensions.Persistence.EntityFrameworkCore.Mysql\Msi.Extensions.Persistence.EntityFrameworkCore.Mysql.csproj", "{CC81F505-8BE9-4C7D-88B1-8DE78F8CEDE9}"
EndProject
Project("{9A19103F-16F7-4668-BE54-9A1E7A4F7556}") = "Msi.PdfConverter.DinkToPdf.DependencyInjection", "Extensions\Msi.PdfConverter.DinkToPdf.DependencyInjection\Msi.PdfConverter.DinkToPdf.DependencyInjection.csproj", "{EA753F1B-B889-47D4-B6AF-1BFD716B9962}"
EndProject
Project("{9A19103F-16F7-4668-BE54-9A1E7A4F7556}") = "Msi.UtilityKit", "Msi.UtilityKit\Msi.UtilityKit.csproj", "{0E879DF5-A2A4-4CB5-A32D-599180C95EC5}"
EndProject
Project("{2150E333-8FDC-42A3-9474-1A3956D46DE8}") = "Organizations", "Organizations", "{7AB86FE5-D6B8-48D2-AA53-137A59B5A91A}"
EndProject
Project("{9A19103F-16F7-4668-BE54-9A1E7A4F7556}") = "Module.Payments.Persistence.EntityFramework", "Modules\Module.Payments.Persistence.EntityFramework\Module.Payments.Persistence.EntityFramework.csproj", "{D42D6B6C-8A15-4F54-A1B5-A90853A73C2F}"
EndProject
Project("{9A19103F-16F7-4668-BE54-9A1E7A4F7556}") = "Module.Payments", "Modules\Module.Payments\Module.Payments.csproj", "{45B0B5BC-56DD-41DD-B031-388E5FE57C68}"
EndProject
Project("{9A19103F-16F7-4668-BE54-9A1E7A4F7556}") = "Module.Core.Domain", "Modules\Module.Core.Domain\Module.Core.Domain.csproj", "{DF54B552-204C-4181-8478-76A41139FDC8}"
EndProject
Project("{9A19103F-16F7-4668-BE54-9A1E7A4F7556}") = "Module.Core.Data", "Modules\Module.Core.Data\Module.Core.Data.csproj", "{CCD0D520-0FDA-440E-A667-75D1323F95DA}"
EndProject
Project("{2150E333-8FDC-42A3-9474-1A3956D46DE8}") = "Accounting", "Accounting", "{EB785C54-37F3-435D-AB3C-435A553E6804}"
EndProject
Project("{FAE04EC0-301F-11D3-BF4B-00C04F79EFBC}") = "Module.Accounting", "Modules\Module.Accounting\Module.Accounting.csproj", "{8E8C1E34-531D-4339-9586-844547BE9732}"
EndProject
Project("{FAE04EC0-301F-11D3-BF4B-00C04F79EFBC}") = "Module.Accounting.Entities", "Modules\Module.Accounting.Entities\Module.Accounting.Entities.csproj", "{E9AE38E1-13B0-4F8D-91B7-0F2445DE6E2D}"
EndProject
Project("{FAE04EC0-301F-11D3-BF4B-00C04F79EFBC}") = "Module.Accounting.Domain", "Modules\Module.Accounting.Domain\Module.Accounting.Domain.csproj", "{F0008BF1-CEF5-4DF4-81D8-9F088627CE28}"
EndProject
Project("{FAE04EC0-301F-11D3-BF4B-00C04F79EFBC}") = "Module.Accounting.Persistence.EntityFramewrok", "Module.Accounting.Persistence.EntityFramewrok\Module.Accounting.Persistence.EntityFramewrok.csproj", "{5BFDB902-906C-4A5C-B914-E8435305E8F7}"
EndProject
Global
	GlobalSection(SolutionConfigurationPlatforms) = preSolution
		Debug|Any CPU = Debug|Any CPU
		Release|Any CPU = Release|Any CPU
	EndGlobalSection
	GlobalSection(ProjectConfigurationPlatforms) = postSolution
		{065C0AA4-0ABD-4104-BB00-8E7BA43D76D0}.Debug|Any CPU.ActiveCfg = Debug|Any CPU
		{065C0AA4-0ABD-4104-BB00-8E7BA43D76D0}.Debug|Any CPU.Build.0 = Debug|Any CPU
		{065C0AA4-0ABD-4104-BB00-8E7BA43D76D0}.Release|Any CPU.ActiveCfg = Release|Any CPU
		{065C0AA4-0ABD-4104-BB00-8E7BA43D76D0}.Release|Any CPU.Build.0 = Release|Any CPU
		{ECA65C83-CBA0-4432-ACC9-FE0EC9063597}.Debug|Any CPU.ActiveCfg = Debug|Any CPU
		{ECA65C83-CBA0-4432-ACC9-FE0EC9063597}.Debug|Any CPU.Build.0 = Debug|Any CPU
		{ECA65C83-CBA0-4432-ACC9-FE0EC9063597}.Release|Any CPU.ActiveCfg = Release|Any CPU
		{ECA65C83-CBA0-4432-ACC9-FE0EC9063597}.Release|Any CPU.Build.0 = Release|Any CPU
		{F8D8BAD7-EFBF-406B-8526-BFE0135E95B7}.Debug|Any CPU.ActiveCfg = Debug|Any CPU
		{F8D8BAD7-EFBF-406B-8526-BFE0135E95B7}.Debug|Any CPU.Build.0 = Debug|Any CPU
		{F8D8BAD7-EFBF-406B-8526-BFE0135E95B7}.Release|Any CPU.ActiveCfg = Release|Any CPU
		{F8D8BAD7-EFBF-406B-8526-BFE0135E95B7}.Release|Any CPU.Build.0 = Release|Any CPU
		{5078500E-83A6-4395-9537-CFACB5455E39}.Debug|Any CPU.ActiveCfg = Debug|Any CPU
		{5078500E-83A6-4395-9537-CFACB5455E39}.Debug|Any CPU.Build.0 = Debug|Any CPU
		{5078500E-83A6-4395-9537-CFACB5455E39}.Release|Any CPU.ActiveCfg = Release|Any CPU
		{5078500E-83A6-4395-9537-CFACB5455E39}.Release|Any CPU.Build.0 = Release|Any CPU
		{E2E215CF-4B9A-4912-9144-9F79E3B596E1}.Debug|Any CPU.ActiveCfg = Debug|Any CPU
		{E2E215CF-4B9A-4912-9144-9F79E3B596E1}.Debug|Any CPU.Build.0 = Debug|Any CPU
		{E2E215CF-4B9A-4912-9144-9F79E3B596E1}.Release|Any CPU.ActiveCfg = Release|Any CPU
		{E2E215CF-4B9A-4912-9144-9F79E3B596E1}.Release|Any CPU.Build.0 = Release|Any CPU
		{4E500BDD-CB90-4F04-A64B-6E30D9E1E9EC}.Debug|Any CPU.ActiveCfg = Debug|Any CPU
		{4E500BDD-CB90-4F04-A64B-6E30D9E1E9EC}.Debug|Any CPU.Build.0 = Debug|Any CPU
		{4E500BDD-CB90-4F04-A64B-6E30D9E1E9EC}.Release|Any CPU.ActiveCfg = Release|Any CPU
		{4E500BDD-CB90-4F04-A64B-6E30D9E1E9EC}.Release|Any CPU.Build.0 = Release|Any CPU
		{035E656C-D76F-44D1-A6BC-5CF6B20F5A6A}.Debug|Any CPU.ActiveCfg = Debug|Any CPU
		{035E656C-D76F-44D1-A6BC-5CF6B20F5A6A}.Debug|Any CPU.Build.0 = Debug|Any CPU
		{035E656C-D76F-44D1-A6BC-5CF6B20F5A6A}.Release|Any CPU.ActiveCfg = Release|Any CPU
		{035E656C-D76F-44D1-A6BC-5CF6B20F5A6A}.Release|Any CPU.Build.0 = Release|Any CPU
		{4B52DD27-4D33-403A-B09E-FF6028FF8A9C}.Debug|Any CPU.ActiveCfg = Debug|Any CPU
		{4B52DD27-4D33-403A-B09E-FF6028FF8A9C}.Debug|Any CPU.Build.0 = Debug|Any CPU
		{4B52DD27-4D33-403A-B09E-FF6028FF8A9C}.Release|Any CPU.ActiveCfg = Release|Any CPU
		{4B52DD27-4D33-403A-B09E-FF6028FF8A9C}.Release|Any CPU.Build.0 = Release|Any CPU
		{4F26118B-4054-4FF1-8788-3C6060F7A1DB}.Debug|Any CPU.ActiveCfg = Debug|Any CPU
		{4F26118B-4054-4FF1-8788-3C6060F7A1DB}.Debug|Any CPU.Build.0 = Debug|Any CPU
		{4F26118B-4054-4FF1-8788-3C6060F7A1DB}.Release|Any CPU.ActiveCfg = Release|Any CPU
		{4F26118B-4054-4FF1-8788-3C6060F7A1DB}.Release|Any CPU.Build.0 = Release|Any CPU
		{D442CAE4-B6D0-489C-8759-BF7CEF9E2437}.Debug|Any CPU.ActiveCfg = Debug|Any CPU
		{D442CAE4-B6D0-489C-8759-BF7CEF9E2437}.Debug|Any CPU.Build.0 = Debug|Any CPU
		{D442CAE4-B6D0-489C-8759-BF7CEF9E2437}.Release|Any CPU.ActiveCfg = Release|Any CPU
		{D442CAE4-B6D0-489C-8759-BF7CEF9E2437}.Release|Any CPU.Build.0 = Release|Any CPU
		{446036FE-9162-4994-AAA4-C71F15A0DF38}.Debug|Any CPU.ActiveCfg = Debug|Any CPU
		{446036FE-9162-4994-AAA4-C71F15A0DF38}.Debug|Any CPU.Build.0 = Debug|Any CPU
		{446036FE-9162-4994-AAA4-C71F15A0DF38}.Release|Any CPU.ActiveCfg = Release|Any CPU
		{446036FE-9162-4994-AAA4-C71F15A0DF38}.Release|Any CPU.Build.0 = Release|Any CPU
		{C16C2069-3E9D-4844-BECF-2C568936089E}.Debug|Any CPU.ActiveCfg = Debug|Any CPU
		{C16C2069-3E9D-4844-BECF-2C568936089E}.Debug|Any CPU.Build.0 = Debug|Any CPU
		{C16C2069-3E9D-4844-BECF-2C568936089E}.Release|Any CPU.ActiveCfg = Release|Any CPU
		{C16C2069-3E9D-4844-BECF-2C568936089E}.Release|Any CPU.Build.0 = Release|Any CPU
		{F7919591-4C51-4492-8337-3BF3564EA287}.Debug|Any CPU.ActiveCfg = Debug|Any CPU
		{F7919591-4C51-4492-8337-3BF3564EA287}.Debug|Any CPU.Build.0 = Debug|Any CPU
		{F7919591-4C51-4492-8337-3BF3564EA287}.Release|Any CPU.ActiveCfg = Release|Any CPU
		{F7919591-4C51-4492-8337-3BF3564EA287}.Release|Any CPU.Build.0 = Release|Any CPU
		{6A2EE17D-B9CB-418F-A2BF-CBF7A46B8BFD}.Debug|Any CPU.ActiveCfg = Debug|Any CPU
		{6A2EE17D-B9CB-418F-A2BF-CBF7A46B8BFD}.Debug|Any CPU.Build.0 = Debug|Any CPU
		{6A2EE17D-B9CB-418F-A2BF-CBF7A46B8BFD}.Release|Any CPU.ActiveCfg = Release|Any CPU
		{6A2EE17D-B9CB-418F-A2BF-CBF7A46B8BFD}.Release|Any CPU.Build.0 = Release|Any CPU
		{8391F883-CD4B-4D5B-AB99-8FDF0FE164A2}.Debug|Any CPU.ActiveCfg = Debug|Any CPU
		{8391F883-CD4B-4D5B-AB99-8FDF0FE164A2}.Debug|Any CPU.Build.0 = Debug|Any CPU
		{8391F883-CD4B-4D5B-AB99-8FDF0FE164A2}.Release|Any CPU.ActiveCfg = Release|Any CPU
		{8391F883-CD4B-4D5B-AB99-8FDF0FE164A2}.Release|Any CPU.Build.0 = Release|Any CPU
		{9F34B921-6A37-45DB-A877-0F0CB342ABEB}.Debug|Any CPU.ActiveCfg = Debug|Any CPU
		{9F34B921-6A37-45DB-A877-0F0CB342ABEB}.Debug|Any CPU.Build.0 = Debug|Any CPU
		{9F34B921-6A37-45DB-A877-0F0CB342ABEB}.Release|Any CPU.ActiveCfg = Release|Any CPU
		{9F34B921-6A37-45DB-A877-0F0CB342ABEB}.Release|Any CPU.Build.0 = Release|Any CPU
		{84E1D491-E91E-4A64-BBE0-8E148CA60277}.Debug|Any CPU.ActiveCfg = Debug|Any CPU
		{84E1D491-E91E-4A64-BBE0-8E148CA60277}.Debug|Any CPU.Build.0 = Debug|Any CPU
		{84E1D491-E91E-4A64-BBE0-8E148CA60277}.Release|Any CPU.ActiveCfg = Release|Any CPU
		{84E1D491-E91E-4A64-BBE0-8E148CA60277}.Release|Any CPU.Build.0 = Release|Any CPU
		{D56741D8-3857-4A6B-9FA8-209A7E63961C}.Debug|Any CPU.ActiveCfg = Debug|Any CPU
		{D56741D8-3857-4A6B-9FA8-209A7E63961C}.Debug|Any CPU.Build.0 = Debug|Any CPU
		{D56741D8-3857-4A6B-9FA8-209A7E63961C}.Release|Any CPU.ActiveCfg = Release|Any CPU
		{D56741D8-3857-4A6B-9FA8-209A7E63961C}.Release|Any CPU.Build.0 = Release|Any CPU
		{E3A393FD-B04A-4E70-AD5A-F62C5B2DB07C}.Debug|Any CPU.ActiveCfg = Debug|Any CPU
		{E3A393FD-B04A-4E70-AD5A-F62C5B2DB07C}.Debug|Any CPU.Build.0 = Debug|Any CPU
		{E3A393FD-B04A-4E70-AD5A-F62C5B2DB07C}.Release|Any CPU.ActiveCfg = Release|Any CPU
		{E3A393FD-B04A-4E70-AD5A-F62C5B2DB07C}.Release|Any CPU.Build.0 = Release|Any CPU
		{168D40C9-1ED2-4B5C-B458-1CE3A02C8C37}.Debug|Any CPU.ActiveCfg = Debug|Any CPU
		{168D40C9-1ED2-4B5C-B458-1CE3A02C8C37}.Debug|Any CPU.Build.0 = Debug|Any CPU
		{168D40C9-1ED2-4B5C-B458-1CE3A02C8C37}.Release|Any CPU.ActiveCfg = Release|Any CPU
		{168D40C9-1ED2-4B5C-B458-1CE3A02C8C37}.Release|Any CPU.Build.0 = Release|Any CPU
		{950AB2A9-D194-4823-AC4C-F3583FFB4FE6}.Debug|Any CPU.ActiveCfg = Debug|Any CPU
		{950AB2A9-D194-4823-AC4C-F3583FFB4FE6}.Debug|Any CPU.Build.0 = Debug|Any CPU
		{950AB2A9-D194-4823-AC4C-F3583FFB4FE6}.Release|Any CPU.ActiveCfg = Release|Any CPU
		{950AB2A9-D194-4823-AC4C-F3583FFB4FE6}.Release|Any CPU.Build.0 = Release|Any CPU
		{4C4152E6-5FDD-4BC8-B4CE-D3633B2B9A1A}.Debug|Any CPU.ActiveCfg = Debug|Any CPU
		{4C4152E6-5FDD-4BC8-B4CE-D3633B2B9A1A}.Debug|Any CPU.Build.0 = Debug|Any CPU
		{4C4152E6-5FDD-4BC8-B4CE-D3633B2B9A1A}.Release|Any CPU.ActiveCfg = Release|Any CPU
		{4C4152E6-5FDD-4BC8-B4CE-D3633B2B9A1A}.Release|Any CPU.Build.0 = Release|Any CPU
		{8EBC5412-646E-493A-B6BD-F0694D404235}.Debug|Any CPU.ActiveCfg = Debug|Any CPU
		{8EBC5412-646E-493A-B6BD-F0694D404235}.Debug|Any CPU.Build.0 = Debug|Any CPU
		{8EBC5412-646E-493A-B6BD-F0694D404235}.Release|Any CPU.ActiveCfg = Release|Any CPU
		{8EBC5412-646E-493A-B6BD-F0694D404235}.Release|Any CPU.Build.0 = Release|Any CPU
		{F44C8B29-A7F3-4E15-9000-C268E7272209}.Debug|Any CPU.ActiveCfg = Debug|Any CPU
		{F44C8B29-A7F3-4E15-9000-C268E7272209}.Debug|Any CPU.Build.0 = Debug|Any CPU
		{F44C8B29-A7F3-4E15-9000-C268E7272209}.Release|Any CPU.ActiveCfg = Release|Any CPU
		{F44C8B29-A7F3-4E15-9000-C268E7272209}.Release|Any CPU.Build.0 = Release|Any CPU
		{ACD82BD9-0B0E-4ECE-BCFD-CC30169F9497}.Debug|Any CPU.ActiveCfg = Debug|Any CPU
		{ACD82BD9-0B0E-4ECE-BCFD-CC30169F9497}.Debug|Any CPU.Build.0 = Debug|Any CPU
		{ACD82BD9-0B0E-4ECE-BCFD-CC30169F9497}.Release|Any CPU.ActiveCfg = Release|Any CPU
		{ACD82BD9-0B0E-4ECE-BCFD-CC30169F9497}.Release|Any CPU.Build.0 = Release|Any CPU
		{C3DA1841-08CC-47A6-9166-E7961E08D0D6}.Debug|Any CPU.ActiveCfg = Debug|Any CPU
		{C3DA1841-08CC-47A6-9166-E7961E08D0D6}.Debug|Any CPU.Build.0 = Debug|Any CPU
		{C3DA1841-08CC-47A6-9166-E7961E08D0D6}.Release|Any CPU.ActiveCfg = Release|Any CPU
		{C3DA1841-08CC-47A6-9166-E7961E08D0D6}.Release|Any CPU.Build.0 = Release|Any CPU
		{C5040BE5-F583-46BE-8ED6-5B46893FD66A}.Debug|Any CPU.ActiveCfg = Debug|Any CPU
		{C5040BE5-F583-46BE-8ED6-5B46893FD66A}.Debug|Any CPU.Build.0 = Debug|Any CPU
		{C5040BE5-F583-46BE-8ED6-5B46893FD66A}.Release|Any CPU.ActiveCfg = Release|Any CPU
		{C5040BE5-F583-46BE-8ED6-5B46893FD66A}.Release|Any CPU.Build.0 = Release|Any CPU
		{344100A7-C16F-469B-80D5-1E216A5695F1}.Debug|Any CPU.ActiveCfg = Debug|Any CPU
		{344100A7-C16F-469B-80D5-1E216A5695F1}.Debug|Any CPU.Build.0 = Debug|Any CPU
		{344100A7-C16F-469B-80D5-1E216A5695F1}.Release|Any CPU.ActiveCfg = Release|Any CPU
		{344100A7-C16F-469B-80D5-1E216A5695F1}.Release|Any CPU.Build.0 = Release|Any CPU
		{638506AB-75D5-4A68-894C-DC5EB35DBF40}.Debug|Any CPU.ActiveCfg = Debug|Any CPU
		{638506AB-75D5-4A68-894C-DC5EB35DBF40}.Debug|Any CPU.Build.0 = Debug|Any CPU
		{638506AB-75D5-4A68-894C-DC5EB35DBF40}.Release|Any CPU.ActiveCfg = Release|Any CPU
		{638506AB-75D5-4A68-894C-DC5EB35DBF40}.Release|Any CPU.Build.0 = Release|Any CPU
		{67D93C90-F914-4528-99E9-83FD2DED5BF1}.Debug|Any CPU.ActiveCfg = Debug|Any CPU
		{67D93C90-F914-4528-99E9-83FD2DED5BF1}.Debug|Any CPU.Build.0 = Debug|Any CPU
		{67D93C90-F914-4528-99E9-83FD2DED5BF1}.Release|Any CPU.ActiveCfg = Release|Any CPU
		{67D93C90-F914-4528-99E9-83FD2DED5BF1}.Release|Any CPU.Build.0 = Release|Any CPU
		{19730E64-A67D-405C-BB71-282B645CB2BE}.Debug|Any CPU.ActiveCfg = Debug|Any CPU
		{19730E64-A67D-405C-BB71-282B645CB2BE}.Debug|Any CPU.Build.0 = Debug|Any CPU
		{19730E64-A67D-405C-BB71-282B645CB2BE}.Release|Any CPU.ActiveCfg = Release|Any CPU
		{19730E64-A67D-405C-BB71-282B645CB2BE}.Release|Any CPU.Build.0 = Release|Any CPU
		{7C88B66E-F2BB-4A1B-99BE-BD15CB7BE112}.Debug|Any CPU.ActiveCfg = Debug|Any CPU
		{7C88B66E-F2BB-4A1B-99BE-BD15CB7BE112}.Debug|Any CPU.Build.0 = Debug|Any CPU
		{7C88B66E-F2BB-4A1B-99BE-BD15CB7BE112}.Release|Any CPU.ActiveCfg = Release|Any CPU
		{7C88B66E-F2BB-4A1B-99BE-BD15CB7BE112}.Release|Any CPU.Build.0 = Release|Any CPU
		{C72EDB5E-BF9D-4A52-B7A4-3BB26BF1C4E6}.Debug|Any CPU.ActiveCfg = Debug|Any CPU
		{C72EDB5E-BF9D-4A52-B7A4-3BB26BF1C4E6}.Debug|Any CPU.Build.0 = Debug|Any CPU
		{C72EDB5E-BF9D-4A52-B7A4-3BB26BF1C4E6}.Release|Any CPU.ActiveCfg = Release|Any CPU
		{C72EDB5E-BF9D-4A52-B7A4-3BB26BF1C4E6}.Release|Any CPU.Build.0 = Release|Any CPU
		{8B5F62B0-2263-40A8-BF8D-C7A227023896}.Debug|Any CPU.ActiveCfg = Debug|Any CPU
		{8B5F62B0-2263-40A8-BF8D-C7A227023896}.Debug|Any CPU.Build.0 = Debug|Any CPU
		{8B5F62B0-2263-40A8-BF8D-C7A227023896}.Release|Any CPU.ActiveCfg = Release|Any CPU
		{8B5F62B0-2263-40A8-BF8D-C7A227023896}.Release|Any CPU.Build.0 = Release|Any CPU
		{E91865C0-3512-4456-AE41-EA5C3196828E}.Debug|Any CPU.ActiveCfg = Debug|Any CPU
		{E91865C0-3512-4456-AE41-EA5C3196828E}.Debug|Any CPU.Build.0 = Debug|Any CPU
		{E91865C0-3512-4456-AE41-EA5C3196828E}.Release|Any CPU.ActiveCfg = Release|Any CPU
		{E91865C0-3512-4456-AE41-EA5C3196828E}.Release|Any CPU.Build.0 = Release|Any CPU
		{8B9293AD-CDC2-4D8F-8258-D7092239E781}.Debug|Any CPU.ActiveCfg = Debug|Any CPU
		{8B9293AD-CDC2-4D8F-8258-D7092239E781}.Debug|Any CPU.Build.0 = Debug|Any CPU
		{8B9293AD-CDC2-4D8F-8258-D7092239E781}.Release|Any CPU.ActiveCfg = Release|Any CPU
		{8B9293AD-CDC2-4D8F-8258-D7092239E781}.Release|Any CPU.Build.0 = Release|Any CPU
		{E19E013D-9653-402F-8A72-873EEEE343CB}.Debug|Any CPU.ActiveCfg = Debug|Any CPU
		{E19E013D-9653-402F-8A72-873EEEE343CB}.Debug|Any CPU.Build.0 = Debug|Any CPU
		{E19E013D-9653-402F-8A72-873EEEE343CB}.Release|Any CPU.ActiveCfg = Release|Any CPU
		{E19E013D-9653-402F-8A72-873EEEE343CB}.Release|Any CPU.Build.0 = Release|Any CPU
		{DFFB9D33-FF42-4606-9F19-74F824292A59}.Debug|Any CPU.ActiveCfg = Debug|Any CPU
		{DFFB9D33-FF42-4606-9F19-74F824292A59}.Debug|Any CPU.Build.0 = Debug|Any CPU
		{DFFB9D33-FF42-4606-9F19-74F824292A59}.Release|Any CPU.ActiveCfg = Release|Any CPU
		{DFFB9D33-FF42-4606-9F19-74F824292A59}.Release|Any CPU.Build.0 = Release|Any CPU
		{C3A7E037-4C10-463B-8BE3-3A7EDFF48616}.Debug|Any CPU.ActiveCfg = Debug|Any CPU
		{C3A7E037-4C10-463B-8BE3-3A7EDFF48616}.Debug|Any CPU.Build.0 = Debug|Any CPU
		{C3A7E037-4C10-463B-8BE3-3A7EDFF48616}.Release|Any CPU.ActiveCfg = Release|Any CPU
		{C3A7E037-4C10-463B-8BE3-3A7EDFF48616}.Release|Any CPU.Build.0 = Release|Any CPU
		{9718A557-2274-49BE-86FA-111C76856311}.Debug|Any CPU.ActiveCfg = Debug|Any CPU
		{9718A557-2274-49BE-86FA-111C76856311}.Debug|Any CPU.Build.0 = Debug|Any CPU
		{9718A557-2274-49BE-86FA-111C76856311}.Release|Any CPU.ActiveCfg = Release|Any CPU
		{9718A557-2274-49BE-86FA-111C76856311}.Release|Any CPU.Build.0 = Release|Any CPU
		{2B49FF14-487F-42B0-843A-BCA9A38B195D}.Debug|Any CPU.ActiveCfg = Debug|Any CPU
		{2B49FF14-487F-42B0-843A-BCA9A38B195D}.Debug|Any CPU.Build.0 = Debug|Any CPU
		{2B49FF14-487F-42B0-843A-BCA9A38B195D}.Release|Any CPU.ActiveCfg = Release|Any CPU
		{2B49FF14-487F-42B0-843A-BCA9A38B195D}.Release|Any CPU.Build.0 = Release|Any CPU
		{AEA5C0E4-9E7C-4BE9-8021-2CF09A826DE8}.Debug|Any CPU.ActiveCfg = Debug|Any CPU
		{AEA5C0E4-9E7C-4BE9-8021-2CF09A826DE8}.Debug|Any CPU.Build.0 = Debug|Any CPU
		{AEA5C0E4-9E7C-4BE9-8021-2CF09A826DE8}.Release|Any CPU.ActiveCfg = Release|Any CPU
		{AEA5C0E4-9E7C-4BE9-8021-2CF09A826DE8}.Release|Any CPU.Build.0 = Release|Any CPU
		{CC3133C3-EB4C-4A5E-9D8F-A98C2C7C4026}.Debug|Any CPU.ActiveCfg = Debug|Any CPU
		{CC3133C3-EB4C-4A5E-9D8F-A98C2C7C4026}.Debug|Any CPU.Build.0 = Debug|Any CPU
		{CC3133C3-EB4C-4A5E-9D8F-A98C2C7C4026}.Release|Any CPU.ActiveCfg = Release|Any CPU
		{CC3133C3-EB4C-4A5E-9D8F-A98C2C7C4026}.Release|Any CPU.Build.0 = Release|Any CPU
		{BABD1F9F-5D33-44E0-A17D-837F1F9103DE}.Debug|Any CPU.ActiveCfg = Debug|Any CPU
		{BABD1F9F-5D33-44E0-A17D-837F1F9103DE}.Debug|Any CPU.Build.0 = Debug|Any CPU
		{BABD1F9F-5D33-44E0-A17D-837F1F9103DE}.Release|Any CPU.ActiveCfg = Release|Any CPU
		{BABD1F9F-5D33-44E0-A17D-837F1F9103DE}.Release|Any CPU.Build.0 = Release|Any CPU
		{CC81F505-8BE9-4C7D-88B1-8DE78F8CEDE9}.Debug|Any CPU.ActiveCfg = Debug|Any CPU
		{CC81F505-8BE9-4C7D-88B1-8DE78F8CEDE9}.Debug|Any CPU.Build.0 = Debug|Any CPU
		{CC81F505-8BE9-4C7D-88B1-8DE78F8CEDE9}.Release|Any CPU.ActiveCfg = Release|Any CPU
		{CC81F505-8BE9-4C7D-88B1-8DE78F8CEDE9}.Release|Any CPU.Build.0 = Release|Any CPU
		{EA753F1B-B889-47D4-B6AF-1BFD716B9962}.Debug|Any CPU.ActiveCfg = Debug|Any CPU
		{EA753F1B-B889-47D4-B6AF-1BFD716B9962}.Debug|Any CPU.Build.0 = Debug|Any CPU
		{EA753F1B-B889-47D4-B6AF-1BFD716B9962}.Release|Any CPU.ActiveCfg = Release|Any CPU
		{EA753F1B-B889-47D4-B6AF-1BFD716B9962}.Release|Any CPU.Build.0 = Release|Any CPU
		{0E879DF5-A2A4-4CB5-A32D-599180C95EC5}.Debug|Any CPU.ActiveCfg = Debug|Any CPU
		{0E879DF5-A2A4-4CB5-A32D-599180C95EC5}.Debug|Any CPU.Build.0 = Debug|Any CPU
		{0E879DF5-A2A4-4CB5-A32D-599180C95EC5}.Release|Any CPU.ActiveCfg = Release|Any CPU
		{0E879DF5-A2A4-4CB5-A32D-599180C95EC5}.Release|Any CPU.Build.0 = Release|Any CPU
		{D42D6B6C-8A15-4F54-A1B5-A90853A73C2F}.Debug|Any CPU.ActiveCfg = Debug|Any CPU
		{D42D6B6C-8A15-4F54-A1B5-A90853A73C2F}.Debug|Any CPU.Build.0 = Debug|Any CPU
		{D42D6B6C-8A15-4F54-A1B5-A90853A73C2F}.Release|Any CPU.ActiveCfg = Release|Any CPU
		{D42D6B6C-8A15-4F54-A1B5-A90853A73C2F}.Release|Any CPU.Build.0 = Release|Any CPU
		{45B0B5BC-56DD-41DD-B031-388E5FE57C68}.Debug|Any CPU.ActiveCfg = Debug|Any CPU
		{45B0B5BC-56DD-41DD-B031-388E5FE57C68}.Debug|Any CPU.Build.0 = Debug|Any CPU
		{45B0B5BC-56DD-41DD-B031-388E5FE57C68}.Release|Any CPU.ActiveCfg = Release|Any CPU
		{45B0B5BC-56DD-41DD-B031-388E5FE57C68}.Release|Any CPU.Build.0 = Release|Any CPU
		{DF54B552-204C-4181-8478-76A41139FDC8}.Debug|Any CPU.ActiveCfg = Debug|Any CPU
		{DF54B552-204C-4181-8478-76A41139FDC8}.Debug|Any CPU.Build.0 = Debug|Any CPU
		{DF54B552-204C-4181-8478-76A41139FDC8}.Release|Any CPU.ActiveCfg = Release|Any CPU
		{DF54B552-204C-4181-8478-76A41139FDC8}.Release|Any CPU.Build.0 = Release|Any CPU
		{CCD0D520-0FDA-440E-A667-75D1323F95DA}.Debug|Any CPU.ActiveCfg = Debug|Any CPU
		{CCD0D520-0FDA-440E-A667-75D1323F95DA}.Debug|Any CPU.Build.0 = Debug|Any CPU
		{CCD0D520-0FDA-440E-A667-75D1323F95DA}.Release|Any CPU.ActiveCfg = Release|Any CPU
		{CCD0D520-0FDA-440E-A667-75D1323F95DA}.Release|Any CPU.Build.0 = Release|Any CPU
		{8E8C1E34-531D-4339-9586-844547BE9732}.Debug|Any CPU.ActiveCfg = Debug|Any CPU
		{8E8C1E34-531D-4339-9586-844547BE9732}.Debug|Any CPU.Build.0 = Debug|Any CPU
		{8E8C1E34-531D-4339-9586-844547BE9732}.Release|Any CPU.ActiveCfg = Release|Any CPU
		{8E8C1E34-531D-4339-9586-844547BE9732}.Release|Any CPU.Build.0 = Release|Any CPU
		{E9AE38E1-13B0-4F8D-91B7-0F2445DE6E2D}.Debug|Any CPU.ActiveCfg = Debug|Any CPU
		{E9AE38E1-13B0-4F8D-91B7-0F2445DE6E2D}.Debug|Any CPU.Build.0 = Debug|Any CPU
		{E9AE38E1-13B0-4F8D-91B7-0F2445DE6E2D}.Release|Any CPU.ActiveCfg = Release|Any CPU
		{E9AE38E1-13B0-4F8D-91B7-0F2445DE6E2D}.Release|Any CPU.Build.0 = Release|Any CPU
		{F0008BF1-CEF5-4DF4-81D8-9F088627CE28}.Debug|Any CPU.ActiveCfg = Debug|Any CPU
		{F0008BF1-CEF5-4DF4-81D8-9F088627CE28}.Debug|Any CPU.Build.0 = Debug|Any CPU
		{F0008BF1-CEF5-4DF4-81D8-9F088627CE28}.Release|Any CPU.ActiveCfg = Release|Any CPU
		{F0008BF1-CEF5-4DF4-81D8-9F088627CE28}.Release|Any CPU.Build.0 = Release|Any CPU
		{5BFDB902-906C-4A5C-B914-E8435305E8F7}.Debug|Any CPU.ActiveCfg = Debug|Any CPU
		{5BFDB902-906C-4A5C-B914-E8435305E8F7}.Debug|Any CPU.Build.0 = Debug|Any CPU
		{5BFDB902-906C-4A5C-B914-E8435305E8F7}.Release|Any CPU.ActiveCfg = Release|Any CPU
		{5BFDB902-906C-4A5C-B914-E8435305E8F7}.Release|Any CPU.Build.0 = Release|Any CPU
	EndGlobalSection
	GlobalSection(SolutionProperties) = preSolution
		HideSolutionNode = FALSE
	EndGlobalSection
	GlobalSection(NestedProjects) = preSolution
		{065C0AA4-0ABD-4104-BB00-8E7BA43D76D0} = {7979CEB4-7B10-4611-A663-44842F17AC0B}
		{ECA65C83-CBA0-4432-ACC9-FE0EC9063597} = {C992E2E0-2C5F-47FF-9327-FBEFC00F319F}
		{F8D8BAD7-EFBF-406B-8526-BFE0135E95B7} = {C992E2E0-2C5F-47FF-9327-FBEFC00F319F}
		{5078500E-83A6-4395-9537-CFACB5455E39} = {7979CEB4-7B10-4611-A663-44842F17AC0B}
		{E2E215CF-4B9A-4912-9144-9F79E3B596E1} = {C992E2E0-2C5F-47FF-9327-FBEFC00F319F}
		{4E500BDD-CB90-4F04-A64B-6E30D9E1E9EC} = {C992E2E0-2C5F-47FF-9327-FBEFC00F319F}
		{035E656C-D76F-44D1-A6BC-5CF6B20F5A6A} = {C992E2E0-2C5F-47FF-9327-FBEFC00F319F}
		{4B52DD27-4D33-403A-B09E-FF6028FF8A9C} = {572B524E-297B-44BA-803C-6257D0FDFDB0}
		{4F26118B-4054-4FF1-8788-3C6060F7A1DB} = {E08CE9AD-5355-45C4-95F2-11346FBA7809}
		{68481879-1ADE-4BFB-ADE8-37A260A1B74E} = {20B2E10D-8639-43DE-AF2E-E3CA8F9F306D}
		{6E3347DA-3C3F-40A4-B261-958F4CC9122C} = {20B2E10D-8639-43DE-AF2E-E3CA8F9F306D}
		{D442CAE4-B6D0-489C-8759-BF7CEF9E2437} = {6E3347DA-3C3F-40A4-B261-958F4CC9122C}
		{446036FE-9162-4994-AAA4-C71F15A0DF38} = {5B453AC2-C5A1-4BD8-8BBA-D60E10C80D26}
		{64EA24D5-4560-45D1-AD71-E9A08B3BEC12} = {20B2E10D-8639-43DE-AF2E-E3CA8F9F306D}
		{C16C2069-3E9D-4844-BECF-2C568936089E} = {64EA24D5-4560-45D1-AD71-E9A08B3BEC12}
		{F08DF705-12E9-4E0F-84CE-CFE3A12AFEE7} = {B2384412-108B-4755-95E7-D93B454620D5}
		{F7919591-4C51-4492-8337-3BF3564EA287} = {6E3347DA-3C3F-40A4-B261-958F4CC9122C}
		{E08CE9AD-5355-45C4-95F2-11346FBA7809} = {20B2E10D-8639-43DE-AF2E-E3CA8F9F306D}
		{6A2EE17D-B9CB-418F-A2BF-CBF7A46B8BFD} = {E08CE9AD-5355-45C4-95F2-11346FBA7809}
		{5B453AC2-C5A1-4BD8-8BBA-D60E10C80D26} = {20B2E10D-8639-43DE-AF2E-E3CA8F9F306D}
		{8391F883-CD4B-4D5B-AB99-8FDF0FE164A2} = {5B453AC2-C5A1-4BD8-8BBA-D60E10C80D26}
		{9F34B921-6A37-45DB-A877-0F0CB342ABEB} = {6E3347DA-3C3F-40A4-B261-958F4CC9122C}
		{84E1D491-E91E-4A64-BBE0-8E148CA60277} = {E08CE9AD-5355-45C4-95F2-11346FBA7809}
		{D56741D8-3857-4A6B-9FA8-209A7E63961C} = {68481879-1ADE-4BFB-ADE8-37A260A1B74E}
		{E3A393FD-B04A-4E70-AD5A-F62C5B2DB07C} = {68481879-1ADE-4BFB-ADE8-37A260A1B74E}
		{168D40C9-1ED2-4B5C-B458-1CE3A02C8C37} = {68481879-1ADE-4BFB-ADE8-37A260A1B74E}
		{950AB2A9-D194-4823-AC4C-F3583FFB4FE6} = {B2384412-108B-4755-95E7-D93B454620D5}
		{4C4152E6-5FDD-4BC8-B4CE-D3633B2B9A1A} = {B2384412-108B-4755-95E7-D93B454620D5}
		{E578C668-CB8D-428A-AF62-E0B7160BBEE7} = {F08DF705-12E9-4E0F-84CE-CFE3A12AFEE7}
		{8EBC5412-646E-493A-B6BD-F0694D404235} = {E578C668-CB8D-428A-AF62-E0B7160BBEE7}
		{F44C8B29-A7F3-4E15-9000-C268E7272209} = {E578C668-CB8D-428A-AF62-E0B7160BBEE7}
		{ACD82BD9-0B0E-4ECE-BCFD-CC30169F9497} = {F08DF705-12E9-4E0F-84CE-CFE3A12AFEE7}
		{C3DA1841-08CC-47A6-9166-E7961E08D0D6} = {E578C668-CB8D-428A-AF62-E0B7160BBEE7}
		{C5040BE5-F583-46BE-8ED6-5B46893FD66A} = {F08DF705-12E9-4E0F-84CE-CFE3A12AFEE7}
		{344100A7-C16F-469B-80D5-1E216A5695F1} = {9093605D-82D0-452F-88FB-1D6DD07DA8A7}
		{92967F3B-ECF0-41EE-A841-CEEF89031363} = {20B2E10D-8639-43DE-AF2E-E3CA8F9F306D}
		{638506AB-75D5-4A68-894C-DC5EB35DBF40} = {92967F3B-ECF0-41EE-A841-CEEF89031363}
		{67D93C90-F914-4528-99E9-83FD2DED5BF1} = {92967F3B-ECF0-41EE-A841-CEEF89031363}
		{19730E64-A67D-405C-BB71-282B645CB2BE} = {92967F3B-ECF0-41EE-A841-CEEF89031363}
		{DCE83B9C-153D-4D3E-9A1F-CDB2A5644624} = {20B2E10D-8639-43DE-AF2E-E3CA8F9F306D}
		{7C88B66E-F2BB-4A1B-99BE-BD15CB7BE112} = {92967F3B-ECF0-41EE-A841-CEEF89031363}
		{C72EDB5E-BF9D-4A52-B7A4-3BB26BF1C4E6} = {DCE83B9C-153D-4D3E-9A1F-CDB2A5644624}
		{8B5F62B0-2263-40A8-BF8D-C7A227023896} = {DCE83B9C-153D-4D3E-9A1F-CDB2A5644624}
		{E91865C0-3512-4456-AE41-EA5C3196828E} = {DCE83B9C-153D-4D3E-9A1F-CDB2A5644624}
		{8B9293AD-CDC2-4D8F-8258-D7092239E781} = {DCE83B9C-153D-4D3E-9A1F-CDB2A5644624}
		{E19E013D-9653-402F-8A72-873EEEE343CB} = {6E3347DA-3C3F-40A4-B261-958F4CC9122C}
		{DFFB9D33-FF42-4606-9F19-74F824292A59} = {5B453AC2-C5A1-4BD8-8BBA-D60E10C80D26}
		{D3F7F105-C663-42FA-97DA-3A710186DFA2} = {B2384412-108B-4755-95E7-D93B454620D5}
		{C3A7E037-4C10-463B-8BE3-3A7EDFF48616} = {D3F7F105-C663-42FA-97DA-3A710186DFA2}
		{9718A557-2274-49BE-86FA-111C76856311} = {D3F7F105-C663-42FA-97DA-3A710186DFA2}
		{2B49FF14-487F-42B0-843A-BCA9A38B195D} = {D3F7F105-C663-42FA-97DA-3A710186DFA2}
		{8E1D8A19-43ED-47B5-BC34-A86272B41ACC} = {B2384412-108B-4755-95E7-D93B454620D5}
		{AEA5C0E4-9E7C-4BE9-8021-2CF09A826DE8} = {8E1D8A19-43ED-47B5-BC34-A86272B41ACC}
		{CC3133C3-EB4C-4A5E-9D8F-A98C2C7C4026} = {F9217238-0E8E-463B-B0EF-0260DB789AF4}
		{F9217238-0E8E-463B-B0EF-0260DB789AF4} = {8E1D8A19-43ED-47B5-BC34-A86272B41ACC}
		{9093605D-82D0-452F-88FB-1D6DD07DA8A7} = {B2384412-108B-4755-95E7-D93B454620D5}
		{BABD1F9F-5D33-44E0-A17D-837F1F9103DE} = {9093605D-82D0-452F-88FB-1D6DD07DA8A7}
		{CC81F505-8BE9-4C7D-88B1-8DE78F8CEDE9} = {E578C668-CB8D-428A-AF62-E0B7160BBEE7}
		{EA753F1B-B889-47D4-B6AF-1BFD716B9962} = {F9217238-0E8E-463B-B0EF-0260DB789AF4}
		{0E879DF5-A2A4-4CB5-A32D-599180C95EC5} = {C992E2E0-2C5F-47FF-9327-FBEFC00F319F}
		{7AB86FE5-D6B8-48D2-AA53-137A59B5A91A} = {20B2E10D-8639-43DE-AF2E-E3CA8F9F306D}
		{D42D6B6C-8A15-4F54-A1B5-A90853A73C2F} = {68481879-1ADE-4BFB-ADE8-37A260A1B74E}
		{45B0B5BC-56DD-41DD-B031-388E5FE57C68} = {68481879-1ADE-4BFB-ADE8-37A260A1B74E}
		{DF54B552-204C-4181-8478-76A41139FDC8} = {5B453AC2-C5A1-4BD8-8BBA-D60E10C80D26}
		{CCD0D520-0FDA-440E-A667-75D1323F95DA} = {5B453AC2-C5A1-4BD8-8BBA-D60E10C80D26}
		{EB785C54-37F3-435D-AB3C-435A553E6804} = {20B2E10D-8639-43DE-AF2E-E3CA8F9F306D}
		{8E8C1E34-531D-4339-9586-844547BE9732} = {EB785C54-37F3-435D-AB3C-435A553E6804}
		{E9AE38E1-13B0-4F8D-91B7-0F2445DE6E2D} = {EB785C54-37F3-435D-AB3C-435A553E6804}
		{F0008BF1-CEF5-4DF4-81D8-9F088627CE28} = {EB785C54-37F3-435D-AB3C-435A553E6804}
		{5BFDB902-906C-4A5C-B914-E8435305E8F7} = {EB785C54-37F3-435D-AB3C-435A553E6804}
	EndGlobalSection
	GlobalSection(ExtensibilityGlobals) = postSolution
		SolutionGuid = {0F538F95-67C6-4C89-AF99-77F97C28ABBD}
	EndGlobalSection
EndGlobal
